// !$*UTF8*$!
{
	archiveVersion = 1;
	classes = {
	};
	objectVersion = 51;
	objects = {

/* Begin PBXBuildFile section */
		0F73F5A625CE1B5A009C9258 /* GoogleService-Info.plist in Resources */ = {isa = PBXBuildFile; fileRef = 0F73F5A525CE1B5A009C9258 /* GoogleService-Info.plist */; };
		0FBDE1A92545D74B00655436 /* MovieSerieTableViewCell.swift in Sources */ = {isa = PBXBuildFile; fileRef = 0FBDE1A42545D74B00655436 /* MovieSerieTableViewCell.swift */; };
		0FBDE1AA2545D74B00655436 /* MovieSerieTableViewCell.xib in Resources */ = {isa = PBXBuildFile; fileRef = 0FBDE1A52545D74B00655436 /* MovieSerieTableViewCell.xib */; };
		0FF75CFA25BFA27E00A68766 /* MudarSenhaVC.swift in Sources */ = {isa = PBXBuildFile; fileRef = 0FF75CF925BFA27E00A68766 /* MudarSenhaVC.swift */; };
		0FF75CFD25BFADC300A68766 /* ChangePassword.storyboard in Resources */ = {isa = PBXBuildFile; fileRef = 0FF75CFC25BFADC300A68766 /* ChangePassword.storyboard */; };
		2FD283B22537DC9E0032400F /* AppDelegate.swift in Sources */ = {isa = PBXBuildFile; fileRef = 2FD283B12537DC9E0032400F /* AppDelegate.swift */; };
		2FD283B42537DC9E0032400F /* SceneDelegate.swift in Sources */ = {isa = PBXBuildFile; fileRef = 2FD283B32537DC9E0032400F /* SceneDelegate.swift */; };
		2FD283B92537DC9E0032400F /* Main.storyboard in Resources */ = {isa = PBXBuildFile; fileRef = 2FD283B72537DC9E0032400F /* Main.storyboard */; };
		2FD283BB2537DCA10032400F /* Assets.xcassets in Resources */ = {isa = PBXBuildFile; fileRef = 2FD283BA2537DCA10032400F /* Assets.xcassets */; };
		2FD283BE2537DCA10032400F /* LaunchScreen.storyboard in Resources */ = {isa = PBXBuildFile; fileRef = 2FD283BC2537DCA10032400F /* LaunchScreen.storyboard */; };
		5600FC3D255DBB0900AD7617 /* NewMoviesDetailViewController.swift in Sources */ = {isa = PBXBuildFile; fileRef = 5600FC3C255DBB0900AD7617 /* NewMoviesDetailViewController.swift */; };
		5631F42925473B9E00FFCCBC /* Tabbar.storyboard in Resources */ = {isa = PBXBuildFile; fileRef = 5631F42825473B9E00FFCCBC /* Tabbar.storyboard */; };
		5631F42F25473FAD00FFCCBC /* SerieViewController.swift in Sources */ = {isa = PBXBuildFile; fileRef = 5631F42D25473FAD00FFCCBC /* SerieViewController.swift */; };
		5631F4312547403400FFCCBC /* PeopleViewController.swift in Sources */ = {isa = PBXBuildFile; fileRef = 5631F4302547403400FFCCBC /* PeopleViewController.swift */; };
		5631F4392547409D00FFCCBC /* Mockups.swift in Sources */ = {isa = PBXBuildFile; fileRef = 5631F4362547409D00FFCCBC /* Mockups.swift */; };
		5631F43B2547411B00FFCCBC /* MovieHouseViewController.swift in Sources */ = {isa = PBXBuildFile; fileRef = 5631F43A2547411B00FFCCBC /* MovieHouseViewController.swift */; };
		5631F43D2547415B00FFCCBC /* NewMoviesViewController.swift in Sources */ = {isa = PBXBuildFile; fileRef = 5631F43C2547415B00FFCCBC /* NewMoviesViewController.swift */; };
		5645121B25B1C2EF00762C5C /* GenericPopularMedia.swift in Sources */ = {isa = PBXBuildFile; fileRef = 5645121A25B1C2EF00762C5C /* GenericPopularMedia.swift */; };
		568288D12559D9BF00309954 /* MovieHouseDetailViewController.swift in Sources */ = {isa = PBXBuildFile; fileRef = 568288D02559D9BF00309954 /* MovieHouseDetailViewController.swift */; };
		56AA48ED255B105E00003A53 /* PersonGaleryTableViewCell.swift in Sources */ = {isa = PBXBuildFile; fileRef = 56AA48EB255B105E00003A53 /* PersonGaleryTableViewCell.swift */; };
		56AA48EE255B105E00003A53 /* PersonGaleryTableViewCell.xib in Resources */ = {isa = PBXBuildFile; fileRef = 56AA48EC255B105E00003A53 /* PersonGaleryTableViewCell.xib */; };
		56DD8A78255AFEBF005B0E16 /* PeopleDetailViewController.swift in Sources */ = {isa = PBXBuildFile; fileRef = 56DD8A77255AFEBF005B0E16 /* PeopleDetailViewController.swift */; };
		56DD8A84255B0A1C005B0E16 /* PersonBiographyTableViewCell.swift in Sources */ = {isa = PBXBuildFile; fileRef = 56DD8A82255B0A1C005B0E16 /* PersonBiographyTableViewCell.swift */; };
		56DD8A85255B0A1C005B0E16 /* PersonBiographyTableViewCell.xib in Resources */ = {isa = PBXBuildFile; fileRef = 56DD8A83255B0A1C005B0E16 /* PersonBiographyTableViewCell.xib */; };
		839A34EB41B98A2FC094AA50 /* Pods_Swiflix.framework in Frameworks */ = {isa = PBXBuildFile; fileRef = E98EAC79CB37A047BAACCB1A /* Pods_Swiflix.framework */; };
		AD1EEC57255DEF6D001BE764 /* SerieGeralTableViewCell.swift in Sources */ = {isa = PBXBuildFile; fileRef = AD1EEC55255DEF6D001BE764 /* SerieGeralTableViewCell.swift */; };
		AD1EEC58255DEF6D001BE764 /* SerieGeralTableViewCell.xib in Resources */ = {isa = PBXBuildFile; fileRef = AD1EEC56255DEF6D001BE764 /* SerieGeralTableViewCell.xib */; };
		AD3F4C36255DF7F30044F24B /* SerieCriticaTableViewCell.swift in Sources */ = {isa = PBXBuildFile; fileRef = AD3F4C34255DF7F30044F24B /* SerieCriticaTableViewCell.swift */; };
		AD3F4C37255DF7F30044F24B /* SerieCriticaTableViewCell.xib in Resources */ = {isa = PBXBuildFile; fileRef = AD3F4C35255DF7F30044F24B /* SerieCriticaTableViewCell.xib */; };
		AD455A872584092300383835 /* MovieUpcomingResponse.swift in Sources */ = {isa = PBXBuildFile; fileRef = AD455A682584092300383835 /* MovieUpcomingResponse.swift */; };
		AD455A882584092300383835 /* MovieResults.swift in Sources */ = {isa = PBXBuildFile; fileRef = AD455A692584092300383835 /* MovieResults.swift */; };
		AD455A892584092300383835 /* MovieSimilarResponse.swift in Sources */ = {isa = PBXBuildFile; fileRef = AD455A6A2584092300383835 /* MovieSimilarResponse.swift */; };
		AD455A8A2584092300383835 /* MovieTrailerResponse.swift in Sources */ = {isa = PBXBuildFile; fileRef = AD455A6B2584092300383835 /* MovieTrailerResponse.swift */; };
		AD455A8B2584092300383835 /* DetailMovie.swift in Sources */ = {isa = PBXBuildFile; fileRef = AD455A6C2584092300383835 /* DetailMovie.swift */; };
		AD455A8D2584092300383835 /* PersonPopularResponse.swift in Sources */ = {isa = PBXBuildFile; fileRef = AD455A6F2584092300383835 /* PersonPopularResponse.swift */; };
		AD455A8E2584092300383835 /* Image.swift in Sources */ = {isa = PBXBuildFile; fileRef = AD455A702584092300383835 /* Image.swift */; };
		AD455A8F2584092300383835 /* PersonImagesResponse.swift in Sources */ = {isa = PBXBuildFile; fileRef = AD455A712584092300383835 /* PersonImagesResponse.swift */; };
		AD455A902584092300383835 /* PersonCreditsResponse.swift in Sources */ = {isa = PBXBuildFile; fileRef = AD455A722584092300383835 /* PersonCreditsResponse.swift */; };
		AD455A912584092300383835 /* PersonDetailResponse.swift in Sources */ = {isa = PBXBuildFile; fileRef = AD455A732584092300383835 /* PersonDetailResponse.swift */; };
		AD455A922584092300383835 /* Gender.swift in Sources */ = {isa = PBXBuildFile; fileRef = AD455A752584092300383835 /* Gender.swift */; };
		AD455A932584092300383835 /* VideoType.swift in Sources */ = {isa = PBXBuildFile; fileRef = AD455A762584092300383835 /* VideoType.swift */; };
		AD455A942584092300383835 /* Videos.swift in Sources */ = {isa = PBXBuildFile; fileRef = AD455A782584092300383835 /* Videos.swift */; };
		AD455A952584092300383835 /* Persons.swift in Sources */ = {isa = PBXBuildFile; fileRef = AD455A792584092300383835 /* Persons.swift */; };
		AD455A962584092300383835 /* Response.swift in Sources */ = {isa = PBXBuildFile; fileRef = AD455A7A2584092300383835 /* Response.swift */; };
		AD455A972584092300383835 /* MediaImages.swift in Sources */ = {isa = PBXBuildFile; fileRef = AD455A7B2584092300383835 /* MediaImages.swift */; };
		AD455A982584092300383835 /* Review.swift in Sources */ = {isa = PBXBuildFile; fileRef = AD455A7D2584092300383835 /* Review.swift */; };
		AD455A992584092300383835 /* AuthorDetails.swift in Sources */ = {isa = PBXBuildFile; fileRef = AD455A7E2584092300383835 /* AuthorDetails.swift */; };
		AD455A9A2584092300383835 /* ReviewResults.swift in Sources */ = {isa = PBXBuildFile; fileRef = AD455A7F2584092300383835 /* ReviewResults.swift */; };
		AD455A9B2584092300383835 /* MediaDetailResponse.swift in Sources */ = {isa = PBXBuildFile; fileRef = AD455A822584092300383835 /* MediaDetailResponse.swift */; };
		AD455A9C2584092300383835 /* TVSimilarResponse.swift in Sources */ = {isa = PBXBuildFile; fileRef = AD455A832584092300383835 /* TVSimilarResponse.swift */; };
		AD455A9E2584092300383835 /* TVPopularResponse.swift in Sources */ = {isa = PBXBuildFile; fileRef = AD455A852584092300383835 /* TVPopularResponse.swift */; };
		AD455A9F2584092300383835 /* TVSeasonResponse.swift in Sources */ = {isa = PBXBuildFile; fileRef = AD455A862584092300383835 /* TVSeasonResponse.swift */; };
		AD455AA62584095000383835 /* TMDB.swift in Sources */ = {isa = PBXBuildFile; fileRef = AD455AA32584095000383835 /* TMDB.swift */; };
		AD455AA72584095000383835 /* HttpMethod.swift in Sources */ = {isa = PBXBuildFile; fileRef = AD455AA42584095000383835 /* HttpMethod.swift */; };
		AD455AA82584095000383835 /* TMDBTest.swift in Sources */ = {isa = PBXBuildFile; fileRef = AD455AA52584095000383835 /* TMDBTest.swift */; };
		AD4F3F9D2584335800DAB15D /* TMDBPeople.swift in Sources */ = {isa = PBXBuildFile; fileRef = AD4F3F9C2584335800DAB15D /* TMDBPeople.swift */; };
		AD4F3FA02584339900DAB15D /* TMDBMovies.swift in Sources */ = {isa = PBXBuildFile; fileRef = AD4F3F9F2584339900DAB15D /* TMDBMovies.swift */; };
		AD4F3FA3258433B500DAB15D /* TMDBTV.swift in Sources */ = {isa = PBXBuildFile; fileRef = AD4F3FA2258433B500DAB15D /* TMDBTV.swift */; };
		AD4F3FA72584346300DAB15D /* TMDBPeopleTest.swift in Sources */ = {isa = PBXBuildFile; fileRef = AD4F3FA62584346300DAB15D /* TMDBPeopleTest.swift */; };
		AD4F3FAB258434A400DAB15D /* TMDBMoviesTest.swift in Sources */ = {isa = PBXBuildFile; fileRef = AD4F3FAA258434A400DAB15D /* TMDBMoviesTest.swift */; };
		AD4F3FAE258434D400DAB15D /* TMDBTVTest.swift in Sources */ = {isa = PBXBuildFile; fileRef = AD4F3FAD258434D400DAB15D /* TMDBTVTest.swift */; };
		AD4F3FB12584356200DAB15D /* Creator.swift in Sources */ = {isa = PBXBuildFile; fileRef = AD4F3FB02584356200DAB15D /* Creator.swift */; };
		AD4F3FB4258435AE00DAB15D /* Episode.swift in Sources */ = {isa = PBXBuildFile; fileRef = AD4F3FB3258435AE00DAB15D /* Episode.swift */; };
		AD4F3FBA258435F900DAB15D /* Season.swift in Sources */ = {isa = PBXBuildFile; fileRef = AD4F3FB9258435F900DAB15D /* Season.swift */; };
		AD4F3FBD2584363400DAB15D /* Similar.swift in Sources */ = {isa = PBXBuildFile; fileRef = AD4F3FBC2584363400DAB15D /* Similar.swift */; };
		AD4F3FC12584366A00DAB15D /* PopularMedia.swift in Sources */ = {isa = PBXBuildFile; fileRef = AD4F3FC02584366A00DAB15D /* PopularMedia.swift */; };
		AD4F3FC5258436DD00DAB15D /* Crew_TV.swift in Sources */ = {isa = PBXBuildFile; fileRef = AD4F3FC4258436DD00DAB15D /* Crew_TV.swift */; };
		AD4F3FC9258436F500DAB15D /* GuestStar.swift in Sources */ = {isa = PBXBuildFile; fileRef = AD4F3FC8258436F500DAB15D /* GuestStar.swift */; };
		AD5A8660255D774500F187C8 /* SerieDetailViewController.swift in Sources */ = {isa = PBXBuildFile; fileRef = AD5A865F255D774500F187C8 /* SerieDetailViewController.swift */; };
		AD5A8667255D7BE300F187C8 /* Serie.swift in Sources */ = {isa = PBXBuildFile; fileRef = AD5A8666255D7BE300F187C8 /* Serie.swift */; };
		AD5A866A255D7C0900F187C8 /* Genres.swift in Sources */ = {isa = PBXBuildFile; fileRef = AD5A8669255D7C0900F187C8 /* Genres.swift */; };
		AD64EA43254E2B9500F63F89 /* Person_old.swift in Sources */ = {isa = PBXBuildFile; fileRef = AD64EA40254E2B9500F63F89 /* Person_old.swift */; };
		AD64EA44254E2B9500F63F89 /* Movies.swift in Sources */ = {isa = PBXBuildFile; fileRef = AD64EA41254E2B9500F63F89 /* Movies.swift */; };
		AD64EA49254E2BC100F63F89 /* PeopleTableViewCell.xib in Resources */ = {isa = PBXBuildFile; fileRef = AD64EA47254E2BC100F63F89 /* PeopleTableViewCell.xib */; };
		AD64EA4A254E2BC100F63F89 /* PeopleTableViewCell.swift in Sources */ = {isa = PBXBuildFile; fileRef = AD64EA48254E2BC100F63F89 /* PeopleTableViewCell.swift */; };
		AD6B1B36255D851C00659730 /* SerieEpisode.swift in Sources */ = {isa = PBXBuildFile; fileRef = AD6B1B35255D851C00659730 /* SerieEpisode.swift */; };
		ADA8789B25842C0300B7B722 /* UpcomingDate.swift in Sources */ = {isa = PBXBuildFile; fileRef = ADA8789A25842C0300B7B722 /* UpcomingDate.swift */; };
		ADA8789E25842C6900B7B722 /* SimilarMovie.swift in Sources */ = {isa = PBXBuildFile; fileRef = ADA8789D25842C6900B7B722 /* SimilarMovie.swift */; };
		ADA878A225842CB700B7B722 /* MovieTrailer.swift in Sources */ = {isa = PBXBuildFile; fileRef = ADA878A125842CB700B7B722 /* MovieTrailer.swift */; };
		ADA878A525842CF400B7B722 /* Genre.swift in Sources */ = {isa = PBXBuildFile; fileRef = ADA878A425842CF400B7B722 /* Genre.swift */; };
		ADA878A825842D4900B7B722 /* Company.swift in Sources */ = {isa = PBXBuildFile; fileRef = ADA878A725842D4900B7B722 /* Company.swift */; };
		ADA878AC25842D6900B7B722 /* ProductionCountry.swift in Sources */ = {isa = PBXBuildFile; fileRef = ADA878AB25842D6900B7B722 /* ProductionCountry.swift */; };
		ADA878AF25842D9300B7B722 /* SpokenLanguage.swift in Sources */ = {isa = PBXBuildFile; fileRef = ADA878AE25842D9300B7B722 /* SpokenLanguage.swift */; };
		ADA878B225842E5A00B7B722 /* Cast.swift in Sources */ = {isa = PBXBuildFile; fileRef = ADA878B125842E5A00B7B722 /* Cast.swift */; };
		ADA878B525842E8600B7B722 /* Crew.swift in Sources */ = {isa = PBXBuildFile; fileRef = ADA878B425842E8600B7B722 /* Crew.swift */; };
		ADA878B825842F4800B7B722 /* Person.swift in Sources */ = {isa = PBXBuildFile; fileRef = ADA878B725842F4800B7B722 /* Person.swift */; };
		ADA878BB25842FC500B7B722 /* KnownFor.swift in Sources */ = {isa = PBXBuildFile; fileRef = ADA878BA25842FC500B7B722 /* KnownFor.swift */; };
		ADB4238A255DC10A00B92915 /* MockupSerie.swift in Sources */ = {isa = PBXBuildFile; fileRef = ADB42389255DC10A00B92915 /* MockupSerie.swift */; };
		ADC19A9A255DF9B700F9BD55 /* SerieEpisodesTableViewCell.swift in Sources */ = {isa = PBXBuildFile; fileRef = ADC19A98255DF9B700F9BD55 /* SerieEpisodesTableViewCell.swift */; };
		ADC19A9B255DF9B700F9BD55 /* SerieEpisodesTableViewCell.xib in Resources */ = {isa = PBXBuildFile; fileRef = ADC19A99255DF9B700F9BD55 /* SerieEpisodesTableViewCell.xib */; };
		C309566025477CE500E5A75E /* SimpleMovieSerie.swift in Sources */ = {isa = PBXBuildFile; fileRef = C309565F25477CE500E5A75E /* SimpleMovieSerie.swift */; };
		C3110BE82553661600A6BD86 /* GenericMediaTableViewCell.xib in Resources */ = {isa = PBXBuildFile; fileRef = C3110BE62553661600A6BD86 /* GenericMediaTableViewCell.xib */; };
		C3110BE92553661600A6BD86 /* GenericMediaTableViewCell.swift in Sources */ = {isa = PBXBuildFile; fileRef = C3110BE72553661600A6BD86 /* GenericMediaTableViewCell.swift */; };
		C3110BEE25536B8200A6BD86 /* PessoaTableViewCell.swift in Sources */ = {isa = PBXBuildFile; fileRef = C3110BEC25536B8100A6BD86 /* PessoaTableViewCell.swift */; };
		C3110BEF25536B8200A6BD86 /* PessoaTableViewCell.xib in Resources */ = {isa = PBXBuildFile; fileRef = C3110BED25536B8200A6BD86 /* PessoaTableViewCell.xib */; };
		C318AF4C25BD2ED200DBAF8E /* TraillerViewController.swift in Sources */ = {isa = PBXBuildFile; fileRef = C318AF4A25BD2ED200DBAF8E /* TraillerViewController.swift */; };
		C318AF4D25BD2ED200DBAF8E /* TraillerViewController.xib in Resources */ = {isa = PBXBuildFile; fileRef = C318AF4B25BD2ED200DBAF8E /* TraillerViewController.xib */; };
		C337370325648A4000F90F36 /* PerfilViewController.swift in Sources */ = {isa = PBXBuildFile; fileRef = C337370225648A4000F90F36 /* PerfilViewController.swift */; };
		C33E12E6254452D50011E5A9 /* BerkshireSwash-Regular.ttf in Resources */ = {isa = PBXBuildFile; fileRef = C33E12E5254452D50011E5A9 /* BerkshireSwash-Regular.ttf */; };
		C33E12EA254457F40011E5A9 /* InitialViewController.swift in Sources */ = {isa = PBXBuildFile; fileRef = C33E12E9254457F40011E5A9 /* InitialViewController.swift */; };
		C33E12F1254469DE0011E5A9 /* Segues.swift in Sources */ = {isa = PBXBuildFile; fileRef = C33E12F0254469DE0011E5A9 /* Segues.swift */; };
		C33E12F425446C3B0011E5A9 /* LoginViewController.swift in Sources */ = {isa = PBXBuildFile; fileRef = C33E12F325446C3B0011E5A9 /* LoginViewController.swift */; };
		C33E12F725449A690011E5A9 /* RegisterViewController.swift in Sources */ = {isa = PBXBuildFile; fileRef = C33E12F625449A690011E5A9 /* RegisterViewController.swift */; };
		C353434D2562226E00239BE5 /* UserProfile.storyboard in Resources */ = {isa = PBXBuildFile; fileRef = C353434C2562226E00239BE5 /* UserProfile.storyboard */; };
		C364A1682560421400265DBB /* GalleryCollectionViewCell.swift in Sources */ = {isa = PBXBuildFile; fileRef = C364A1662560421400265DBB /* GalleryCollectionViewCell.swift */; };
		C364A1692560421400265DBB /* GalleryCollectionViewCell.xib in Resources */ = {isa = PBXBuildFile; fileRef = C364A1672560421400265DBB /* GalleryCollectionViewCell.xib */; };
		C36856AF2556E3940032D09A /* FullMovie.swift in Sources */ = {isa = PBXBuildFile; fileRef = C36856AE2556E3940032D09A /* FullMovie.swift */; };
		C36856B22556E45E0032D09A /* MovieDetailViewController.swift in Sources */ = {isa = PBXBuildFile; fileRef = C36856B12556E45E0032D09A /* MovieDetailViewController.swift */; };
		C36856B72556E8D90032D09A /* MovieGeralTableViewCell.swift in Sources */ = {isa = PBXBuildFile; fileRef = C36856B52556E8D90032D09A /* MovieGeralTableViewCell.swift */; };
		C36856B82556E8D90032D09A /* MovieGeralTableViewCell.xib in Resources */ = {isa = PBXBuildFile; fileRef = C36856B62556E8D90032D09A /* MovieGeralTableViewCell.xib */; };
		C373B33C25BCE527007C394F /* Extensions.swift in Sources */ = {isa = PBXBuildFile; fileRef = C373B33B25BCE527007C394F /* Extensions.swift */; };
		C37A755F2546522E00A597ED /* MovieViewController.swift in Sources */ = {isa = PBXBuildFile; fileRef = C37A755D2546522E00A597ED /* MovieViewController.swift */; };
		C37A75642546523C00A597ED /* Utils.swift in Sources */ = {isa = PBXBuildFile; fileRef = C37A75612546523C00A597ED /* Utils.swift */; };
		C37A75652546523C00A597ED /* Alert.swift in Sources */ = {isa = PBXBuildFile; fileRef = C37A75622546523C00A597ED /* Alert.swift */; };
		C38A0339255360A300E6C010 /* GenericMedia.swift in Sources */ = {isa = PBXBuildFile; fileRef = C38A0338255360A300E6C010 /* GenericMedia.swift */; };
		C38A033C2553610300E6C010 /* FullPerson.swift in Sources */ = {isa = PBXBuildFile; fileRef = C38A033B2553610300E6C010 /* FullPerson.swift */; };
		C38A033F2553612000E6C010 /* PersonPhotoGallery.swift in Sources */ = {isa = PBXBuildFile; fileRef = C38A033E2553612000E6C010 /* PersonPhotoGallery.swift */; };
		C3B0390A25617E4A00F63C70 /* PhotoDetailViewController.swift in Sources */ = {isa = PBXBuildFile; fileRef = C3B0390925617E4A00F63C70 /* PhotoDetailViewController.swift */; };
		C3C2E42E25C3773600CD206B /* Network.swift in Sources */ = {isa = PBXBuildFile; fileRef = C3C2E42D25C3773600CD206B /* Network.swift */; };
		C3D8F63E255827BD001FFCA1 /* Reviews.swift in Sources */ = {isa = PBXBuildFile; fileRef = C3D8F63D255827BD001FFCA1 /* Reviews.swift */; };
		C3D8F6442558289B001FFCA1 /* MovieCriticaTableViewCell.swift in Sources */ = {isa = PBXBuildFile; fileRef = C3D8F6422558289B001FFCA1 /* MovieCriticaTableViewCell.swift */; };
		C3D8F6452558289B001FFCA1 /* MovieCriticaTableViewCell.xib in Resources */ = {isa = PBXBuildFile; fileRef = C3D8F6432558289B001FFCA1 /* MovieCriticaTableViewCell.xib */; };
		C3D8F64825582E7D001FFCA1 /* MovieTrailler.swift in Sources */ = {isa = PBXBuildFile; fileRef = C3D8F64725582E7D001FFCA1 /* MovieTrailler.swift */; };
		C3D8F64D25582FB7001FFCA1 /* MovieTraillerTableViewCell.swift in Sources */ = {isa = PBXBuildFile; fileRef = C3D8F64B25582FB7001FFCA1 /* MovieTraillerTableViewCell.swift */; };
		C3D8F64E25582FB7001FFCA1 /* MovieTraillerTableViewCell.xib in Resources */ = {isa = PBXBuildFile; fileRef = C3D8F64C25582FB7001FFCA1 /* MovieTraillerTableViewCell.xib */; };
/* End PBXBuildFile section */

/* Begin PBXFileReference section */
		0F73F5A525CE1B5A009C9258 /* GoogleService-Info.plist */ = {isa = PBXFileReference; fileEncoding = 4; lastKnownFileType = text.plist.xml; path = "GoogleService-Info.plist"; sourceTree = "<group>"; };
		0FBDE1A42545D74B00655436 /* MovieSerieTableViewCell.swift */ = {isa = PBXFileReference; fileEncoding = 4; lastKnownFileType = sourcecode.swift; path = MovieSerieTableViewCell.swift; sourceTree = "<group>"; };
		0FBDE1A52545D74B00655436 /* MovieSerieTableViewCell.xib */ = {isa = PBXFileReference; fileEncoding = 4; lastKnownFileType = file.xib; path = MovieSerieTableViewCell.xib; sourceTree = "<group>"; };
		0FF75CF925BFA27E00A68766 /* MudarSenhaVC.swift */ = {isa = PBXFileReference; lastKnownFileType = sourcecode.swift; path = MudarSenhaVC.swift; sourceTree = "<group>"; };
		0FF75CFC25BFADC300A68766 /* ChangePassword.storyboard */ = {isa = PBXFileReference; lastKnownFileType = file.storyboard; path = ChangePassword.storyboard; sourceTree = "<group>"; };
		2FD283AE2537DC9E0032400F /* Swiflix.app */ = {isa = PBXFileReference; explicitFileType = wrapper.application; includeInIndex = 0; path = Swiflix.app; sourceTree = BUILT_PRODUCTS_DIR; };
		2FD283B12537DC9E0032400F /* AppDelegate.swift */ = {isa = PBXFileReference; lastKnownFileType = sourcecode.swift; path = AppDelegate.swift; sourceTree = "<group>"; };
		2FD283B32537DC9E0032400F /* SceneDelegate.swift */ = {isa = PBXFileReference; lastKnownFileType = sourcecode.swift; path = SceneDelegate.swift; sourceTree = "<group>"; };
		2FD283B82537DC9E0032400F /* Base */ = {isa = PBXFileReference; lastKnownFileType = file.storyboard; name = Base; path = Base.lproj/Main.storyboard; sourceTree = "<group>"; };
		2FD283BA2537DCA10032400F /* Assets.xcassets */ = {isa = PBXFileReference; lastKnownFileType = folder.assetcatalog; path = Assets.xcassets; sourceTree = "<group>"; };
		2FD283BD2537DCA10032400F /* Base */ = {isa = PBXFileReference; lastKnownFileType = file.storyboard; name = Base; path = Base.lproj/LaunchScreen.storyboard; sourceTree = "<group>"; };
		2FD283BF2537DCA10032400F /* Info.plist */ = {isa = PBXFileReference; lastKnownFileType = text.plist.xml; path = Info.plist; sourceTree = "<group>"; };
		5600FC3C255DBB0900AD7617 /* NewMoviesDetailViewController.swift */ = {isa = PBXFileReference; lastKnownFileType = sourcecode.swift; path = NewMoviesDetailViewController.swift; sourceTree = "<group>"; };
		5631F42825473B9E00FFCCBC /* Tabbar.storyboard */ = {isa = PBXFileReference; lastKnownFileType = file.storyboard; path = Tabbar.storyboard; sourceTree = "<group>"; };
		5631F42D25473FAD00FFCCBC /* SerieViewController.swift */ = {isa = PBXFileReference; fileEncoding = 4; lastKnownFileType = sourcecode.swift; name = SerieViewController.swift; path = Swiflix/Controller/Serie/SerieViewController.swift; sourceTree = SOURCE_ROOT; };
		5631F4302547403400FFCCBC /* PeopleViewController.swift */ = {isa = PBXFileReference; lastKnownFileType = sourcecode.swift; path = PeopleViewController.swift; sourceTree = "<group>"; };
		5631F4362547409D00FFCCBC /* Mockups.swift */ = {isa = PBXFileReference; fileEncoding = 4; lastKnownFileType = sourcecode.swift; path = Mockups.swift; sourceTree = "<group>"; };
		5631F43A2547411B00FFCCBC /* MovieHouseViewController.swift */ = {isa = PBXFileReference; lastKnownFileType = sourcecode.swift; path = MovieHouseViewController.swift; sourceTree = "<group>"; };
		5631F43C2547415B00FFCCBC /* NewMoviesViewController.swift */ = {isa = PBXFileReference; lastKnownFileType = sourcecode.swift; path = NewMoviesViewController.swift; sourceTree = "<group>"; };
		5645121A25B1C2EF00762C5C /* GenericPopularMedia.swift */ = {isa = PBXFileReference; lastKnownFileType = sourcecode.swift; path = GenericPopularMedia.swift; sourceTree = "<group>"; };
		568288D02559D9BF00309954 /* MovieHouseDetailViewController.swift */ = {isa = PBXFileReference; lastKnownFileType = sourcecode.swift; path = MovieHouseDetailViewController.swift; sourceTree = "<group>"; };
		56AA48EB255B105E00003A53 /* PersonGaleryTableViewCell.swift */ = {isa = PBXFileReference; lastKnownFileType = sourcecode.swift; path = PersonGaleryTableViewCell.swift; sourceTree = "<group>"; };
		56AA48EC255B105E00003A53 /* PersonGaleryTableViewCell.xib */ = {isa = PBXFileReference; lastKnownFileType = file.xib; path = PersonGaleryTableViewCell.xib; sourceTree = "<group>"; };
		56DD8A77255AFEBF005B0E16 /* PeopleDetailViewController.swift */ = {isa = PBXFileReference; lastKnownFileType = sourcecode.swift; path = PeopleDetailViewController.swift; sourceTree = "<group>"; };
		56DD8A82255B0A1C005B0E16 /* PersonBiographyTableViewCell.swift */ = {isa = PBXFileReference; fileEncoding = 4; lastKnownFileType = sourcecode.swift; path = PersonBiographyTableViewCell.swift; sourceTree = "<group>"; };
		56DD8A83255B0A1C005B0E16 /* PersonBiographyTableViewCell.xib */ = {isa = PBXFileReference; fileEncoding = 4; lastKnownFileType = file.xib; path = PersonBiographyTableViewCell.xib; sourceTree = "<group>"; };
		7FE01D9830F17091FCA73A30 /* Pods-Swiflix.release.xcconfig */ = {isa = PBXFileReference; includeInIndex = 1; lastKnownFileType = text.xcconfig; name = "Pods-Swiflix.release.xcconfig"; path = "Target Support Files/Pods-Swiflix/Pods-Swiflix.release.xcconfig"; sourceTree = "<group>"; };
		9C07E6B7F39DBC66E22F972F /* Pods-Swiflix.debug.xcconfig */ = {isa = PBXFileReference; includeInIndex = 1; lastKnownFileType = text.xcconfig; name = "Pods-Swiflix.debug.xcconfig"; path = "Target Support Files/Pods-Swiflix/Pods-Swiflix.debug.xcconfig"; sourceTree = "<group>"; };
		AD1EEC55255DEF6D001BE764 /* SerieGeralTableViewCell.swift */ = {isa = PBXFileReference; lastKnownFileType = sourcecode.swift; path = SerieGeralTableViewCell.swift; sourceTree = "<group>"; };
		AD1EEC56255DEF6D001BE764 /* SerieGeralTableViewCell.xib */ = {isa = PBXFileReference; lastKnownFileType = file.xib; path = SerieGeralTableViewCell.xib; sourceTree = "<group>"; };
		AD3F4C34255DF7F30044F24B /* SerieCriticaTableViewCell.swift */ = {isa = PBXFileReference; lastKnownFileType = sourcecode.swift; path = SerieCriticaTableViewCell.swift; sourceTree = "<group>"; };
		AD3F4C35255DF7F30044F24B /* SerieCriticaTableViewCell.xib */ = {isa = PBXFileReference; lastKnownFileType = file.xib; path = SerieCriticaTableViewCell.xib; sourceTree = "<group>"; };
		AD455A682584092300383835 /* MovieUpcomingResponse.swift */ = {isa = PBXFileReference; fileEncoding = 4; lastKnownFileType = sourcecode.swift; path = MovieUpcomingResponse.swift; sourceTree = "<group>"; };
		AD455A692584092300383835 /* MovieResults.swift */ = {isa = PBXFileReference; fileEncoding = 4; lastKnownFileType = sourcecode.swift; path = MovieResults.swift; sourceTree = "<group>"; };
		AD455A6A2584092300383835 /* MovieSimilarResponse.swift */ = {isa = PBXFileReference; fileEncoding = 4; lastKnownFileType = sourcecode.swift; path = MovieSimilarResponse.swift; sourceTree = "<group>"; };
		AD455A6B2584092300383835 /* MovieTrailerResponse.swift */ = {isa = PBXFileReference; fileEncoding = 4; lastKnownFileType = sourcecode.swift; path = MovieTrailerResponse.swift; sourceTree = "<group>"; };
		AD455A6C2584092300383835 /* DetailMovie.swift */ = {isa = PBXFileReference; fileEncoding = 4; lastKnownFileType = sourcecode.swift; path = DetailMovie.swift; sourceTree = "<group>"; };
		AD455A6F2584092300383835 /* PersonPopularResponse.swift */ = {isa = PBXFileReference; fileEncoding = 4; lastKnownFileType = sourcecode.swift; path = PersonPopularResponse.swift; sourceTree = "<group>"; };
		AD455A702584092300383835 /* Image.swift */ = {isa = PBXFileReference; fileEncoding = 4; lastKnownFileType = sourcecode.swift; path = Image.swift; sourceTree = "<group>"; };
		AD455A712584092300383835 /* PersonImagesResponse.swift */ = {isa = PBXFileReference; fileEncoding = 4; lastKnownFileType = sourcecode.swift; path = PersonImagesResponse.swift; sourceTree = "<group>"; };
		AD455A722584092300383835 /* PersonCreditsResponse.swift */ = {isa = PBXFileReference; fileEncoding = 4; lastKnownFileType = sourcecode.swift; path = PersonCreditsResponse.swift; sourceTree = "<group>"; };
		AD455A732584092300383835 /* PersonDetailResponse.swift */ = {isa = PBXFileReference; fileEncoding = 4; lastKnownFileType = sourcecode.swift; path = PersonDetailResponse.swift; sourceTree = "<group>"; };
		AD455A752584092300383835 /* Gender.swift */ = {isa = PBXFileReference; fileEncoding = 4; lastKnownFileType = sourcecode.swift; path = Gender.swift; sourceTree = "<group>"; };
		AD455A762584092300383835 /* VideoType.swift */ = {isa = PBXFileReference; fileEncoding = 4; lastKnownFileType = sourcecode.swift; path = VideoType.swift; sourceTree = "<group>"; };
		AD455A782584092300383835 /* Videos.swift */ = {isa = PBXFileReference; fileEncoding = 4; lastKnownFileType = sourcecode.swift; path = Videos.swift; sourceTree = "<group>"; };
		AD455A792584092300383835 /* Persons.swift */ = {isa = PBXFileReference; fileEncoding = 4; lastKnownFileType = sourcecode.swift; path = Persons.swift; sourceTree = "<group>"; };
		AD455A7A2584092300383835 /* Response.swift */ = {isa = PBXFileReference; fileEncoding = 4; lastKnownFileType = sourcecode.swift; path = Response.swift; sourceTree = "<group>"; };
		AD455A7B2584092300383835 /* MediaImages.swift */ = {isa = PBXFileReference; fileEncoding = 4; lastKnownFileType = sourcecode.swift; path = MediaImages.swift; sourceTree = "<group>"; };
		AD455A7D2584092300383835 /* Review.swift */ = {isa = PBXFileReference; fileEncoding = 4; lastKnownFileType = sourcecode.swift; path = Review.swift; sourceTree = "<group>"; };
		AD455A7E2584092300383835 /* AuthorDetails.swift */ = {isa = PBXFileReference; fileEncoding = 4; lastKnownFileType = sourcecode.swift; path = AuthorDetails.swift; sourceTree = "<group>"; };
		AD455A7F2584092300383835 /* ReviewResults.swift */ = {isa = PBXFileReference; fileEncoding = 4; lastKnownFileType = sourcecode.swift; path = ReviewResults.swift; sourceTree = "<group>"; };
		AD455A822584092300383835 /* MediaDetailResponse.swift */ = {isa = PBXFileReference; fileEncoding = 4; lastKnownFileType = sourcecode.swift; path = MediaDetailResponse.swift; sourceTree = "<group>"; };
		AD455A832584092300383835 /* TVSimilarResponse.swift */ = {isa = PBXFileReference; fileEncoding = 4; lastKnownFileType = sourcecode.swift; path = TVSimilarResponse.swift; sourceTree = "<group>"; };
		AD455A852584092300383835 /* TVPopularResponse.swift */ = {isa = PBXFileReference; fileEncoding = 4; lastKnownFileType = sourcecode.swift; path = TVPopularResponse.swift; sourceTree = "<group>"; };
		AD455A862584092300383835 /* TVSeasonResponse.swift */ = {isa = PBXFileReference; fileEncoding = 4; lastKnownFileType = sourcecode.swift; path = TVSeasonResponse.swift; sourceTree = "<group>"; };
		AD455AA32584095000383835 /* TMDB.swift */ = {isa = PBXFileReference; fileEncoding = 4; lastKnownFileType = sourcecode.swift; path = TMDB.swift; sourceTree = "<group>"; };
		AD455AA42584095000383835 /* HttpMethod.swift */ = {isa = PBXFileReference; fileEncoding = 4; lastKnownFileType = sourcecode.swift; path = HttpMethod.swift; sourceTree = "<group>"; };
		AD455AA52584095000383835 /* TMDBTest.swift */ = {isa = PBXFileReference; fileEncoding = 4; lastKnownFileType = sourcecode.swift; path = TMDBTest.swift; sourceTree = "<group>"; };
		AD4F3F9C2584335800DAB15D /* TMDBPeople.swift */ = {isa = PBXFileReference; lastKnownFileType = sourcecode.swift; path = TMDBPeople.swift; sourceTree = "<group>"; };
		AD4F3F9F2584339900DAB15D /* TMDBMovies.swift */ = {isa = PBXFileReference; lastKnownFileType = sourcecode.swift; path = TMDBMovies.swift; sourceTree = "<group>"; };
		AD4F3FA2258433B500DAB15D /* TMDBTV.swift */ = {isa = PBXFileReference; lastKnownFileType = sourcecode.swift; path = TMDBTV.swift; sourceTree = "<group>"; };
		AD4F3FA62584346300DAB15D /* TMDBPeopleTest.swift */ = {isa = PBXFileReference; lastKnownFileType = sourcecode.swift; path = TMDBPeopleTest.swift; sourceTree = "<group>"; };
		AD4F3FAA258434A400DAB15D /* TMDBMoviesTest.swift */ = {isa = PBXFileReference; lastKnownFileType = sourcecode.swift; path = TMDBMoviesTest.swift; sourceTree = "<group>"; };
		AD4F3FAD258434D400DAB15D /* TMDBTVTest.swift */ = {isa = PBXFileReference; lastKnownFileType = sourcecode.swift; path = TMDBTVTest.swift; sourceTree = "<group>"; };
		AD4F3FB02584356200DAB15D /* Creator.swift */ = {isa = PBXFileReference; lastKnownFileType = sourcecode.swift; path = Creator.swift; sourceTree = "<group>"; };
		AD4F3FB3258435AE00DAB15D /* Episode.swift */ = {isa = PBXFileReference; lastKnownFileType = sourcecode.swift; path = Episode.swift; sourceTree = "<group>"; };
		AD4F3FB9258435F900DAB15D /* Season.swift */ = {isa = PBXFileReference; lastKnownFileType = sourcecode.swift; path = Season.swift; sourceTree = "<group>"; };
		AD4F3FBC2584363400DAB15D /* Similar.swift */ = {isa = PBXFileReference; lastKnownFileType = sourcecode.swift; path = Similar.swift; sourceTree = "<group>"; };
		AD4F3FC02584366A00DAB15D /* PopularMedia.swift */ = {isa = PBXFileReference; lastKnownFileType = sourcecode.swift; path = PopularMedia.swift; sourceTree = "<group>"; };
		AD4F3FC4258436DD00DAB15D /* Crew_TV.swift */ = {isa = PBXFileReference; lastKnownFileType = sourcecode.swift; path = Crew_TV.swift; sourceTree = "<group>"; };
		AD4F3FC8258436F500DAB15D /* GuestStar.swift */ = {isa = PBXFileReference; lastKnownFileType = sourcecode.swift; path = GuestStar.swift; sourceTree = "<group>"; };
		AD5A865F255D774500F187C8 /* SerieDetailViewController.swift */ = {isa = PBXFileReference; lastKnownFileType = sourcecode.swift; path = SerieDetailViewController.swift; sourceTree = "<group>"; };
		AD5A8666255D7BE300F187C8 /* Serie.swift */ = {isa = PBXFileReference; lastKnownFileType = sourcecode.swift; path = Serie.swift; sourceTree = "<group>"; };
		AD5A8669255D7C0900F187C8 /* Genres.swift */ = {isa = PBXFileReference; lastKnownFileType = sourcecode.swift; path = Genres.swift; sourceTree = "<group>"; };
		AD64EA40254E2B9500F63F89 /* Person_old.swift */ = {isa = PBXFileReference; fileEncoding = 4; lastKnownFileType = sourcecode.swift; path = Person_old.swift; sourceTree = "<group>"; };
		AD64EA41254E2B9500F63F89 /* Movies.swift */ = {isa = PBXFileReference; fileEncoding = 4; lastKnownFileType = sourcecode.swift; path = Movies.swift; sourceTree = "<group>"; };
		AD64EA47254E2BC100F63F89 /* PeopleTableViewCell.xib */ = {isa = PBXFileReference; fileEncoding = 4; lastKnownFileType = file.xib; path = PeopleTableViewCell.xib; sourceTree = "<group>"; };
		AD64EA48254E2BC100F63F89 /* PeopleTableViewCell.swift */ = {isa = PBXFileReference; fileEncoding = 4; lastKnownFileType = sourcecode.swift; path = PeopleTableViewCell.swift; sourceTree = "<group>"; };
		AD6B1B35255D851C00659730 /* SerieEpisode.swift */ = {isa = PBXFileReference; lastKnownFileType = sourcecode.swift; path = SerieEpisode.swift; sourceTree = "<group>"; };
		ADA8789A25842C0300B7B722 /* UpcomingDate.swift */ = {isa = PBXFileReference; lastKnownFileType = sourcecode.swift; path = UpcomingDate.swift; sourceTree = "<group>"; };
		ADA8789D25842C6900B7B722 /* SimilarMovie.swift */ = {isa = PBXFileReference; lastKnownFileType = sourcecode.swift; path = SimilarMovie.swift; sourceTree = "<group>"; };
		ADA878A125842CB700B7B722 /* MovieTrailer.swift */ = {isa = PBXFileReference; lastKnownFileType = sourcecode.swift; path = MovieTrailer.swift; sourceTree = "<group>"; };
		ADA878A425842CF400B7B722 /* Genre.swift */ = {isa = PBXFileReference; lastKnownFileType = sourcecode.swift; path = Genre.swift; sourceTree = "<group>"; };
		ADA878A725842D4900B7B722 /* Company.swift */ = {isa = PBXFileReference; lastKnownFileType = sourcecode.swift; path = Company.swift; sourceTree = "<group>"; };
		ADA878AB25842D6900B7B722 /* ProductionCountry.swift */ = {isa = PBXFileReference; lastKnownFileType = sourcecode.swift; path = ProductionCountry.swift; sourceTree = "<group>"; };
		ADA878AE25842D9300B7B722 /* SpokenLanguage.swift */ = {isa = PBXFileReference; lastKnownFileType = sourcecode.swift; path = SpokenLanguage.swift; sourceTree = "<group>"; };
		ADA878B125842E5A00B7B722 /* Cast.swift */ = {isa = PBXFileReference; lastKnownFileType = sourcecode.swift; path = Cast.swift; sourceTree = "<group>"; };
		ADA878B425842E8600B7B722 /* Crew.swift */ = {isa = PBXFileReference; lastKnownFileType = sourcecode.swift; path = Crew.swift; sourceTree = "<group>"; };
		ADA878B725842F4800B7B722 /* Person.swift */ = {isa = PBXFileReference; lastKnownFileType = sourcecode.swift; path = Person.swift; sourceTree = "<group>"; };
		ADA878BA25842FC500B7B722 /* KnownFor.swift */ = {isa = PBXFileReference; lastKnownFileType = sourcecode.swift; path = KnownFor.swift; sourceTree = "<group>"; };
		ADB42389255DC10A00B92915 /* MockupSerie.swift */ = {isa = PBXFileReference; lastKnownFileType = sourcecode.swift; path = MockupSerie.swift; sourceTree = "<group>"; };
		ADC19A98255DF9B700F9BD55 /* SerieEpisodesTableViewCell.swift */ = {isa = PBXFileReference; lastKnownFileType = sourcecode.swift; path = SerieEpisodesTableViewCell.swift; sourceTree = "<group>"; };
		ADC19A99255DF9B700F9BD55 /* SerieEpisodesTableViewCell.xib */ = {isa = PBXFileReference; lastKnownFileType = file.xib; path = SerieEpisodesTableViewCell.xib; sourceTree = "<group>"; };
		C309565F25477CE500E5A75E /* SimpleMovieSerie.swift */ = {isa = PBXFileReference; lastKnownFileType = sourcecode.swift; path = SimpleMovieSerie.swift; sourceTree = "<group>"; };
		C3110BE62553661600A6BD86 /* GenericMediaTableViewCell.xib */ = {isa = PBXFileReference; fileEncoding = 4; lastKnownFileType = file.xib; path = GenericMediaTableViewCell.xib; sourceTree = "<group>"; };
		C3110BE72553661600A6BD86 /* GenericMediaTableViewCell.swift */ = {isa = PBXFileReference; fileEncoding = 4; lastKnownFileType = sourcecode.swift; path = GenericMediaTableViewCell.swift; sourceTree = "<group>"; };
		C3110BEC25536B8100A6BD86 /* PessoaTableViewCell.swift */ = {isa = PBXFileReference; fileEncoding = 4; lastKnownFileType = sourcecode.swift; path = PessoaTableViewCell.swift; sourceTree = "<group>"; };
		C3110BED25536B8200A6BD86 /* PessoaTableViewCell.xib */ = {isa = PBXFileReference; fileEncoding = 4; lastKnownFileType = file.xib; path = PessoaTableViewCell.xib; sourceTree = "<group>"; };
		C318AF4A25BD2ED200DBAF8E /* TraillerViewController.swift */ = {isa = PBXFileReference; lastKnownFileType = sourcecode.swift; path = TraillerViewController.swift; sourceTree = "<group>"; };
		C318AF4B25BD2ED200DBAF8E /* TraillerViewController.xib */ = {isa = PBXFileReference; lastKnownFileType = file.xib; path = TraillerViewController.xib; sourceTree = "<group>"; };
		C337370225648A4000F90F36 /* PerfilViewController.swift */ = {isa = PBXFileReference; lastKnownFileType = sourcecode.swift; path = PerfilViewController.swift; sourceTree = "<group>"; };
		C33E12E5254452D50011E5A9 /* BerkshireSwash-Regular.ttf */ = {isa = PBXFileReference; lastKnownFileType = file; path = "BerkshireSwash-Regular.ttf"; sourceTree = "<group>"; };
		C33E12E9254457F40011E5A9 /* InitialViewController.swift */ = {isa = PBXFileReference; lastKnownFileType = sourcecode.swift; path = InitialViewController.swift; sourceTree = "<group>"; };
		C33E12F0254469DE0011E5A9 /* Segues.swift */ = {isa = PBXFileReference; lastKnownFileType = sourcecode.swift; path = Segues.swift; sourceTree = "<group>"; };
		C33E12F325446C3B0011E5A9 /* LoginViewController.swift */ = {isa = PBXFileReference; lastKnownFileType = sourcecode.swift; path = LoginViewController.swift; sourceTree = "<group>"; };
		C33E12F625449A690011E5A9 /* RegisterViewController.swift */ = {isa = PBXFileReference; lastKnownFileType = sourcecode.swift; path = RegisterViewController.swift; sourceTree = "<group>"; };
		C353434C2562226E00239BE5 /* UserProfile.storyboard */ = {isa = PBXFileReference; lastKnownFileType = file.storyboard; path = UserProfile.storyboard; sourceTree = "<group>"; };
		C364A1662560421400265DBB /* GalleryCollectionViewCell.swift */ = {isa = PBXFileReference; lastKnownFileType = sourcecode.swift; path = GalleryCollectionViewCell.swift; sourceTree = "<group>"; };
		C364A1672560421400265DBB /* GalleryCollectionViewCell.xib */ = {isa = PBXFileReference; lastKnownFileType = file.xib; path = GalleryCollectionViewCell.xib; sourceTree = "<group>"; };
		C36856AE2556E3940032D09A /* FullMovie.swift */ = {isa = PBXFileReference; lastKnownFileType = sourcecode.swift; path = FullMovie.swift; sourceTree = "<group>"; };
		C36856B12556E45E0032D09A /* MovieDetailViewController.swift */ = {isa = PBXFileReference; lastKnownFileType = sourcecode.swift; path = MovieDetailViewController.swift; sourceTree = "<group>"; };
		C36856B52556E8D90032D09A /* MovieGeralTableViewCell.swift */ = {isa = PBXFileReference; lastKnownFileType = sourcecode.swift; path = MovieGeralTableViewCell.swift; sourceTree = "<group>"; };
		C36856B62556E8D90032D09A /* MovieGeralTableViewCell.xib */ = {isa = PBXFileReference; lastKnownFileType = file.xib; path = MovieGeralTableViewCell.xib; sourceTree = "<group>"; };
		C373B33B25BCE527007C394F /* Extensions.swift */ = {isa = PBXFileReference; lastKnownFileType = sourcecode.swift; path = Extensions.swift; sourceTree = "<group>"; };
		C37A755D2546522E00A597ED /* MovieViewController.swift */ = {isa = PBXFileReference; fileEncoding = 4; lastKnownFileType = sourcecode.swift; path = MovieViewController.swift; sourceTree = "<group>"; };
		C37A75612546523C00A597ED /* Utils.swift */ = {isa = PBXFileReference; fileEncoding = 4; lastKnownFileType = sourcecode.swift; path = Utils.swift; sourceTree = "<group>"; };
		C37A75622546523C00A597ED /* Alert.swift */ = {isa = PBXFileReference; fileEncoding = 4; lastKnownFileType = sourcecode.swift; path = Alert.swift; sourceTree = "<group>"; };
		C38A0338255360A300E6C010 /* GenericMedia.swift */ = {isa = PBXFileReference; fileEncoding = 4; lastKnownFileType = sourcecode.swift; path = GenericMedia.swift; sourceTree = "<group>"; };
		C38A033B2553610300E6C010 /* FullPerson.swift */ = {isa = PBXFileReference; fileEncoding = 4; lastKnownFileType = sourcecode.swift; path = FullPerson.swift; sourceTree = "<group>"; };
		C38A033E2553612000E6C010 /* PersonPhotoGallery.swift */ = {isa = PBXFileReference; fileEncoding = 4; lastKnownFileType = sourcecode.swift; path = PersonPhotoGallery.swift; sourceTree = "<group>"; };
		C3B0390925617E4A00F63C70 /* PhotoDetailViewController.swift */ = {isa = PBXFileReference; lastKnownFileType = sourcecode.swift; path = PhotoDetailViewController.swift; sourceTree = "<group>"; };
		C3BD0E2A25BCC9F1008FA216 /* Extensions.swift */ = {isa = PBXFileReference; lastKnownFileType = sourcecode.swift; path = Extensions.swift; sourceTree = "<group>"; };
		C3C2E42D25C3773600CD206B /* Network.swift */ = {isa = PBXFileReference; lastKnownFileType = sourcecode.swift; path = Network.swift; sourceTree = "<group>"; };
		C3D8F63D255827BD001FFCA1 /* Reviews.swift */ = {isa = PBXFileReference; lastKnownFileType = sourcecode.swift; path = Reviews.swift; sourceTree = "<group>"; };
		C3D8F6422558289B001FFCA1 /* MovieCriticaTableViewCell.swift */ = {isa = PBXFileReference; lastKnownFileType = sourcecode.swift; path = MovieCriticaTableViewCell.swift; sourceTree = "<group>"; };
		C3D8F6432558289B001FFCA1 /* MovieCriticaTableViewCell.xib */ = {isa = PBXFileReference; lastKnownFileType = file.xib; path = MovieCriticaTableViewCell.xib; sourceTree = "<group>"; };
		C3D8F64725582E7D001FFCA1 /* MovieTrailler.swift */ = {isa = PBXFileReference; lastKnownFileType = sourcecode.swift; path = MovieTrailler.swift; sourceTree = "<group>"; };
		C3D8F64B25582FB7001FFCA1 /* MovieTraillerTableViewCell.swift */ = {isa = PBXFileReference; lastKnownFileType = sourcecode.swift; path = MovieTraillerTableViewCell.swift; sourceTree = "<group>"; };
		C3D8F64C25582FB7001FFCA1 /* MovieTraillerTableViewCell.xib */ = {isa = PBXFileReference; lastKnownFileType = file.xib; path = MovieTraillerTableViewCell.xib; sourceTree = "<group>"; };
		E98EAC79CB37A047BAACCB1A /* Pods_Swiflix.framework */ = {isa = PBXFileReference; explicitFileType = wrapper.framework; includeInIndex = 0; path = Pods_Swiflix.framework; sourceTree = BUILT_PRODUCTS_DIR; };
/* End PBXFileReference section */

/* Begin PBXFrameworksBuildPhase section */
		2FD283AB2537DC9E0032400F /* Frameworks */ = {
			isa = PBXFrameworksBuildPhase;
			buildActionMask = 2147483647;
			files = (
				839A34EB41B98A2FC094AA50 /* Pods_Swiflix.framework in Frameworks */,
			);
			runOnlyForDeploymentPostprocessing = 0;
		};
/* End PBXFrameworksBuildPhase section */

/* Begin PBXGroup section */
		08621D74529EB5CB9CF050EC /* Frameworks */ = {
			isa = PBXGroup;
			children = (
				E98EAC79CB37A047BAACCB1A /* Pods_Swiflix.framework */,
			);
			name = Frameworks;
			sourceTree = "<group>";
		};
		0FBDE1A22545D74B00655436 /* Xibs */ = {
			isa = PBXGroup;
			children = (
				AD1EEC53255DEF4D001BE764 /* SerieDetail */,
				56DD8A7F255B098A005B0E16 /* PersonDetail */,
				C36856B42556E8B80032D09A /* MovieDetail */,
				C3110BEB25536B6800A6BD86 /* PessoaCell */,
				C3110BE5255365F400A6BD86 /* GenericMediaCell */,
				AD64EA46254E2BA300F63F89 /* PeopleSimpleCell */,
				C3D2551425477B72003E628C /* MovieSerieSimpleCell */,
			);
			path = Xibs;
			sourceTree = "<group>";
		};
		2FD283A52537DC9E0032400F = {
			isa = PBXGroup;
			children = (
				2FD283B02537DC9E0032400F /* Swiflix */,
				2FD283BF2537DCA10032400F /* Info.plist */,
				0F73F5A525CE1B5A009C9258 /* GoogleService-Info.plist */,
				2FD283AF2537DC9E0032400F /* Products */,
				D8A1CE840BDC8217C6B3F230 /* Pods */,
				08621D74529EB5CB9CF050EC /* Frameworks */,
				C373B31E25BCE357007C394F /* Recovered References */,
			);
			sourceTree = "<group>";
		};
		2FD283AF2537DC9E0032400F /* Products */ = {
			isa = PBXGroup;
			children = (
				2FD283AE2537DC9E0032400F /* Swiflix.app */,
			);
			name = Products;
			sourceTree = "<group>";
		};
		2FD283B02537DC9E0032400F /* Swiflix */ = {
			isa = PBXGroup;
			children = (
				C3C2E42C25C3772800CD206B /* Network */,
				C373B33925BCE518007C394F /* Extras */,
				AD455A652584092300383835 /* V2 */,
				C33E12E4254452B70011E5A9 /* Fonts */,
				C3B54E0C253C6C990067E6F5 /* Utils */,
				C3B54E0A253C6C8B0067E6F5 /* Resources */,
				C3B54E09253C6C830067E6F5 /* Controller */,
				C3B54E08253C6C7F0067E6F5 /* View */,
				0FBDE1A22545D74B00655436 /* Xibs */,
				C3B54E07253C6C770067E6F5 /* Model_old */,
			);
			path = Swiflix;
			sourceTree = "<group>";
		};
		569D29C72559AFBF0012B924 /* Movie */ = {
			isa = PBXGroup;
			children = (
				C37A755D2546522E00A597ED /* MovieViewController.swift */,
				C36856B12556E45E0032D09A /* MovieDetailViewController.swift */,
			);
			path = Movie;
			sourceTree = "<group>";
		};
		569D29C82559B00B0012B924 /* Serie */ = {
			isa = PBXGroup;
			children = (
				5631F42D25473FAD00FFCCBC /* SerieViewController.swift */,
				AD5A865F255D774500F187C8 /* SerieDetailViewController.swift */,
			);
			path = Serie;
			sourceTree = "<group>";
		};
		569D29C92559B0380012B924 /* Initial */ = {
			isa = PBXGroup;
			children = (
				C33E12F325446C3B0011E5A9 /* LoginViewController.swift */,
				C33E12F625449A690011E5A9 /* RegisterViewController.swift */,
				C33E12E9254457F40011E5A9 /* InitialViewController.swift */,
			);
			path = Initial;
			sourceTree = "<group>";
		};
		569D29CA2559B0560012B924 /* People */ = {
			isa = PBXGroup;
			children = (
				5631F4302547403400FFCCBC /* PeopleViewController.swift */,
				56DD8A77255AFEBF005B0E16 /* PeopleDetailViewController.swift */,
			);
			path = People;
			sourceTree = "<group>";
		};
		569D29CB2559B0730012B924 /* MovieHouse */ = {
			isa = PBXGroup;
			children = (
				5631F43A2547411B00FFCCBC /* MovieHouseViewController.swift */,
				568288D02559D9BF00309954 /* MovieHouseDetailViewController.swift */,
			);
			path = MovieHouse;
			sourceTree = "<group>";
		};
		569D29CC2559B07F0012B924 /* NewMovies */ = {
			isa = PBXGroup;
			children = (
				5631F43C2547415B00FFCCBC /* NewMoviesViewController.swift */,
				5600FC3C255DBB0900AD7617 /* NewMoviesDetailViewController.swift */,
			);
			path = NewMovies;
			sourceTree = "<group>";
		};
		56AA48EA255B102600003A53 /* Galeria */ = {
			isa = PBXGroup;
			children = (
				C364A164256041ED00265DBB /* Collection */,
				C364A163256041E800265DBB /* Container */,
			);
			path = Galeria;
			sourceTree = "<group>";
		};
		56DD8A7F255B098A005B0E16 /* PersonDetail */ = {
			isa = PBXGroup;
			children = (
				56AA48EA255B102600003A53 /* Galeria */,
				56DD8A80255B09F6005B0E16 /* Biografia */,
			);
			path = PersonDetail;
			sourceTree = "<group>";
		};
		56DD8A80255B09F6005B0E16 /* Biografia */ = {
			isa = PBXGroup;
			children = (
				56DD8A82255B0A1C005B0E16 /* PersonBiographyTableViewCell.swift */,
				56DD8A83255B0A1C005B0E16 /* PersonBiographyTableViewCell.xib */,
			);
			path = Biografia;
			sourceTree = "<group>";
		};
		AD1EEC53255DEF4D001BE764 /* SerieDetail */ = {
			isa = PBXGroup;
			children = (
				ADC19A97255DF9A100F9BD55 /* Episodios */,
				AD3F4C33255DF73A0044F24B /* Critica */,
				AD1EEC54255DEF57001BE764 /* Geral */,
			);
			path = SerieDetail;
			sourceTree = "<group>";
		};
		AD1EEC54255DEF57001BE764 /* Geral */ = {
			isa = PBXGroup;
			children = (
				AD1EEC55255DEF6D001BE764 /* SerieGeralTableViewCell.swift */,
				AD1EEC56255DEF6D001BE764 /* SerieGeralTableViewCell.xib */,
			);
			path = Geral;
			sourceTree = "<group>";
		};
		AD3F4C33255DF73A0044F24B /* Critica */ = {
			isa = PBXGroup;
			children = (
				AD3F4C34255DF7F30044F24B /* SerieCriticaTableViewCell.swift */,
				AD3F4C35255DF7F30044F24B /* SerieCriticaTableViewCell.xib */,
			);
			path = Critica;
			sourceTree = "<group>";
		};
		AD455A652584092300383835 /* V2 */ = {
			isa = PBXGroup;
			children = (
				AD455A7C2584092300383835 /* Reviews */,
				AD455A662584092300383835 /* Movie */,
				AD455A6E2584092300383835 /* Person */,
				AD455A742584092300383835 /* Enums */,
				AD455A772584092300383835 /* Others */,
				AD455A802584092300383835 /* Tv */,
			);
			path = V2;
			sourceTree = "<group>";
		};
		AD455A662584092300383835 /* Movie */ = {
			isa = PBXGroup;
			children = (
				AD455A672584092300383835 /* Model */,
			);
			path = Movie;
			sourceTree = "<group>";
		};
		AD455A672584092300383835 /* Model */ = {
			isa = PBXGroup;
			children = (
				AD455A682584092300383835 /* MovieUpcomingResponse.swift */,
				ADA8789A25842C0300B7B722 /* UpcomingDate.swift */,
				AD455A692584092300383835 /* MovieResults.swift */,
				AD455A6A2584092300383835 /* MovieSimilarResponse.swift */,
				AD455A6B2584092300383835 /* MovieTrailerResponse.swift */,
				AD455A6C2584092300383835 /* DetailMovie.swift */,
				ADA8789D25842C6900B7B722 /* SimilarMovie.swift */,
				ADA878A125842CB700B7B722 /* MovieTrailer.swift */,
				C38A0338255360A300E6C010 /* GenericMedia.swift */,
			);
			path = Model;
			sourceTree = "<group>";
		};
		AD455A6E2584092300383835 /* Person */ = {
			isa = PBXGroup;
			children = (
				AD455A6F2584092300383835 /* PersonPopularResponse.swift */,
				AD455A702584092300383835 /* Image.swift */,
				AD455A712584092300383835 /* PersonImagesResponse.swift */,
				AD455A722584092300383835 /* PersonCreditsResponse.swift */,
				AD455A732584092300383835 /* PersonDetailResponse.swift */,
				ADA878B125842E5A00B7B722 /* Cast.swift */,
				ADA878B425842E8600B7B722 /* Crew.swift */,
				ADA878B725842F4800B7B722 /* Person.swift */,
				ADA878BA25842FC500B7B722 /* KnownFor.swift */,
			);
			path = Person;
			sourceTree = "<group>";
		};
		AD455A742584092300383835 /* Enums */ = {
			isa = PBXGroup;
			children = (
				AD455A752584092300383835 /* Gender.swift */,
				AD455A762584092300383835 /* VideoType.swift */,
			);
			path = Enums;
			sourceTree = "<group>";
		};
		AD455A772584092300383835 /* Others */ = {
			isa = PBXGroup;
			children = (
				AD455A782584092300383835 /* Videos.swift */,
				AD455A792584092300383835 /* Persons.swift */,
				AD455A7A2584092300383835 /* Response.swift */,
				AD455A7B2584092300383835 /* MediaImages.swift */,
				ADA878A425842CF400B7B722 /* Genre.swift */,
				ADA878A725842D4900B7B722 /* Company.swift */,
				ADA878AB25842D6900B7B722 /* ProductionCountry.swift */,
				ADA878AE25842D9300B7B722 /* SpokenLanguage.swift */,
			);
			path = Others;
			sourceTree = "<group>";
		};
		AD455A7C2584092300383835 /* Reviews */ = {
			isa = PBXGroup;
			children = (
				AD455A7D2584092300383835 /* Review.swift */,
				AD455A7E2584092300383835 /* AuthorDetails.swift */,
				AD455A7F2584092300383835 /* ReviewResults.swift */,
			);
			path = Reviews;
			sourceTree = "<group>";
		};
		AD455A802584092300383835 /* Tv */ = {
			isa = PBXGroup;
			children = (
				AD455A812584092300383835 /* Model */,
			);
			path = Tv;
			sourceTree = "<group>";
		};
		AD455A812584092300383835 /* Model */ = {
			isa = PBXGroup;
			children = (
				AD455A822584092300383835 /* MediaDetailResponse.swift */,
				AD455A832584092300383835 /* TVSimilarResponse.swift */,
				AD455A852584092300383835 /* TVPopularResponse.swift */,
				AD455A862584092300383835 /* TVSeasonResponse.swift */,
				AD4F3FB02584356200DAB15D /* Creator.swift */,
				AD4F3FB3258435AE00DAB15D /* Episode.swift */,
				AD4F3FB9258435F900DAB15D /* Season.swift */,
				AD4F3FBC2584363400DAB15D /* Similar.swift */,
				AD4F3FC02584366A00DAB15D /* PopularMedia.swift */,
				AD4F3FC4258436DD00DAB15D /* Crew_TV.swift */,
				AD4F3FC8258436F500DAB15D /* GuestStar.swift */,
				5645121A25B1C2EF00762C5C /* GenericPopularMedia.swift */,
			);
			path = Model;
			sourceTree = "<group>";
		};
		AD455AA22584095000383835 /* API */ = {
			isa = PBXGroup;
			children = (
				AD4F3FA52584343400DAB15D /* TMBDTest */,
				AD455AA32584095000383835 /* TMDB.swift */,
				AD455AA42584095000383835 /* HttpMethod.swift */,
				AD455AA52584095000383835 /* TMDBTest.swift */,
				AD4F3F9C2584335800DAB15D /* TMDBPeople.swift */,
				AD4F3F9F2584339900DAB15D /* TMDBMovies.swift */,
				AD4F3FA2258433B500DAB15D /* TMDBTV.swift */,
			);
			path = API;
			sourceTree = "<group>";
		};
		AD4F3FA52584343400DAB15D /* TMBDTest */ = {
			isa = PBXGroup;
			children = (
				AD4F3FA62584346300DAB15D /* TMDBPeopleTest.swift */,
				AD4F3FAA258434A400DAB15D /* TMDBMoviesTest.swift */,
				AD4F3FAD258434D400DAB15D /* TMDBTVTest.swift */,
			);
			path = TMBDTest;
			sourceTree = "<group>";
		};
		AD64EA46254E2BA300F63F89 /* PeopleSimpleCell */ = {
			isa = PBXGroup;
			children = (
				AD64EA48254E2BC100F63F89 /* PeopleTableViewCell.swift */,
				AD64EA47254E2BC100F63F89 /* PeopleTableViewCell.xib */,
			);
			path = PeopleSimpleCell;
			sourceTree = "<group>";
		};
		ADB42388255DC0F900B92915 /* Mockups */ = {
			isa = PBXGroup;
			children = (
				ADB42389255DC10A00B92915 /* MockupSerie.swift */,
			);
			path = Mockups;
			sourceTree = "<group>";
		};
		ADC19A97255DF9A100F9BD55 /* Episodios */ = {
			isa = PBXGroup;
			children = (
				ADC19A98255DF9B700F9BD55 /* SerieEpisodesTableViewCell.swift */,
				ADC19A99255DF9B700F9BD55 /* SerieEpisodesTableViewCell.xib */,
			);
			path = Episodios;
			sourceTree = "<group>";
		};
		C3110BE5255365F400A6BD86 /* GenericMediaCell */ = {
			isa = PBXGroup;
			children = (
				C3110BE72553661600A6BD86 /* GenericMediaTableViewCell.swift */,
				C3110BE62553661600A6BD86 /* GenericMediaTableViewCell.xib */,
			);
			path = GenericMediaCell;
			sourceTree = "<group>";
		};
		C3110BEB25536B6800A6BD86 /* PessoaCell */ = {
			isa = PBXGroup;
			children = (
				C3110BEC25536B8100A6BD86 /* PessoaTableViewCell.swift */,
				C3110BED25536B8200A6BD86 /* PessoaTableViewCell.xib */,
			);
			path = PessoaCell;
			sourceTree = "<group>";
		};
		C318AF4925BD2EC100DBAF8E /* TraillerView */ = {
			isa = PBXGroup;
			children = (
				C318AF4A25BD2ED200DBAF8E /* TraillerViewController.swift */,
				C318AF4B25BD2ED200DBAF8E /* TraillerViewController.xib */,
			);
			path = TraillerView;
			sourceTree = "<group>";
		};
		C337370125648A2E00F90F36 /* Perfil */ = {
			isa = PBXGroup;
			children = (
				C337370225648A4000F90F36 /* PerfilViewController.swift */,
				0FF75CF925BFA27E00A68766 /* MudarSenhaVC.swift */,
			);
			path = Perfil;
			sourceTree = "<group>";
		};
		C33E12E4254452B70011E5A9 /* Fonts */ = {
			isa = PBXGroup;
			children = (
				C33E12E5254452D50011E5A9 /* BerkshireSwash-Regular.ttf */,
			);
			path = Fonts;
			sourceTree = "<group>";
		};
		C364A163256041E800265DBB /* Container */ = {
			isa = PBXGroup;
			children = (
				56AA48EB255B105E00003A53 /* PersonGaleryTableViewCell.swift */,
				56AA48EC255B105E00003A53 /* PersonGaleryTableViewCell.xib */,
			);
			path = Container;
			sourceTree = "<group>";
		};
		C364A164256041ED00265DBB /* Collection */ = {
			isa = PBXGroup;
			children = (
				C364A1662560421400265DBB /* GalleryCollectionViewCell.swift */,
				C364A1672560421400265DBB /* GalleryCollectionViewCell.xib */,
			);
			path = Collection;
			sourceTree = "<group>";
		};
		C36856B42556E8B80032D09A /* MovieDetail */ = {
			isa = PBXGroup;
			children = (
				C3D8F64A25582FA2001FFCA1 /* Trailler */,
				C3D8F64125582872001FFCA1 /* Critica */,
				C3D8F64025582866001FFCA1 /* Geral */,
			);
			path = MovieDetail;
			sourceTree = "<group>";
		};
		C373B31E25BCE357007C394F /* Recovered References */ = {
			isa = PBXGroup;
			children = (
				C3BD0E2A25BCC9F1008FA216 /* Extensions.swift */,
			);
			name = "Recovered References";
			sourceTree = "<group>";
		};
		C373B33925BCE518007C394F /* Extras */ = {
			isa = PBXGroup;
			children = (
				C373B33B25BCE527007C394F /* Extensions.swift */,
			);
			path = Extras;
			sourceTree = "<group>";
		};
		C3B0390825617E3300F63C70 /* PhotoGalleryDetail */ = {
			isa = PBXGroup;
			children = (
				C3B0390925617E4A00F63C70 /* PhotoDetailViewController.swift */,
			);
			path = PhotoGalleryDetail;
			sourceTree = "<group>";
		};
		C3B54E07253C6C770067E6F5 /* Model_old */ = {
			isa = PBXGroup;
			children = (
				C38A033E2553612000E6C010 /* PersonPhotoGallery.swift */,
				C38A033B2553610300E6C010 /* FullPerson.swift */,
				AD64EA41254E2B9500F63F89 /* Movies.swift */,
				AD64EA40254E2B9500F63F89 /* Person_old.swift */,
				C309565F25477CE500E5A75E /* SimpleMovieSerie.swift */,
				C36856AE2556E3940032D09A /* FullMovie.swift */,
				C3D8F63D255827BD001FFCA1 /* Reviews.swift */,
				C3D8F64725582E7D001FFCA1 /* MovieTrailler.swift */,
				AD5A8666255D7BE300F187C8 /* Serie.swift */,
				AD5A8669255D7C0900F187C8 /* Genres.swift */,
				AD6B1B35255D851C00659730 /* SerieEpisode.swift */,
			);
			path = Model_old;
			sourceTree = "<group>";
		};
		C3B54E08253C6C7F0067E6F5 /* View */ = {
			isa = PBXGroup;
			children = (
				C318AF4925BD2EC100DBAF8E /* TraillerView */,
				2FD283B72537DC9E0032400F /* Main.storyboard */,
				2FD283BC2537DCA10032400F /* LaunchScreen.storyboard */,
				5631F42825473B9E00FFCCBC /* Tabbar.storyboard */,
				C353434C2562226E00239BE5 /* UserProfile.storyboard */,
				0FF75CFC25BFADC300A68766 /* ChangePassword.storyboard */,
			);
			path = View;
			sourceTree = "<group>";
		};
		C3B54E09253C6C830067E6F5 /* Controller */ = {
			isa = PBXGroup;
			children = (
				C337370125648A2E00F90F36 /* Perfil */,
				C3B0390825617E3300F63C70 /* PhotoGalleryDetail */,
				569D29CC2559B07F0012B924 /* NewMovies */,
				569D29CB2559B0730012B924 /* MovieHouse */,
				569D29CA2559B0560012B924 /* People */,
				569D29C92559B0380012B924 /* Initial */,
				569D29C82559B00B0012B924 /* Serie */,
				569D29C72559AFBF0012B924 /* Movie */,
			);
			path = Controller;
			sourceTree = "<group>";
		};
		C3B54E0A253C6C8B0067E6F5 /* Resources */ = {
			isa = PBXGroup;
			children = (
				2FD283B12537DC9E0032400F /* AppDelegate.swift */,
				2FD283BA2537DCA10032400F /* Assets.xcassets */,
				2FD283B32537DC9E0032400F /* SceneDelegate.swift */,
			);
			path = Resources;
			sourceTree = "<group>";
		};
		C3B54E0C253C6C990067E6F5 /* Utils */ = {
			isa = PBXGroup;
			children = (
				AD455AA22584095000383835 /* API */,
				ADB42388255DC0F900B92915 /* Mockups */,
				C37A75622546523C00A597ED /* Alert.swift */,
				C37A75612546523C00A597ED /* Utils.swift */,
				5631F4362547409D00FFCCBC /* Mockups.swift */,
				C33E12F0254469DE0011E5A9 /* Segues.swift */,
			);
			path = Utils;
			sourceTree = "<group>";
		};
		C3C2E42C25C3772800CD206B /* Network */ = {
			isa = PBXGroup;
			children = (
				C3C2E42D25C3773600CD206B /* Network.swift */,
			);
			path = Network;
			sourceTree = "<group>";
		};
		C3D2551425477B72003E628C /* MovieSerieSimpleCell */ = {
			isa = PBXGroup;
			children = (
				0FBDE1A42545D74B00655436 /* MovieSerieTableViewCell.swift */,
				0FBDE1A52545D74B00655436 /* MovieSerieTableViewCell.xib */,
			);
			path = MovieSerieSimpleCell;
			sourceTree = "<group>";
		};
		C3D8F64025582866001FFCA1 /* Geral */ = {
			isa = PBXGroup;
			children = (
				C36856B52556E8D90032D09A /* MovieGeralTableViewCell.swift */,
				C36856B62556E8D90032D09A /* MovieGeralTableViewCell.xib */,
			);
			path = Geral;
			sourceTree = "<group>";
		};
		C3D8F64125582872001FFCA1 /* Critica */ = {
			isa = PBXGroup;
			children = (
				C3D8F6422558289B001FFCA1 /* MovieCriticaTableViewCell.swift */,
				C3D8F6432558289B001FFCA1 /* MovieCriticaTableViewCell.xib */,
			);
			path = Critica;
			sourceTree = "<group>";
		};
		C3D8F64A25582FA2001FFCA1 /* Trailler */ = {
			isa = PBXGroup;
			children = (
				C3D8F64B25582FB7001FFCA1 /* MovieTraillerTableViewCell.swift */,
				C3D8F64C25582FB7001FFCA1 /* MovieTraillerTableViewCell.xib */,
			);
			path = Trailler;
			sourceTree = "<group>";
		};
		D8A1CE840BDC8217C6B3F230 /* Pods */ = {
			isa = PBXGroup;
			children = (
				9C07E6B7F39DBC66E22F972F /* Pods-Swiflix.debug.xcconfig */,
				7FE01D9830F17091FCA73A30 /* Pods-Swiflix.release.xcconfig */,
			);
			path = Pods;
			sourceTree = "<group>";
		};
/* End PBXGroup section */

/* Begin PBXNativeTarget section */
		2FD283AD2537DC9E0032400F /* Swiflix */ = {
			isa = PBXNativeTarget;
			buildConfigurationList = 2FD283C22537DCA10032400F /* Build configuration list for PBXNativeTarget "Swiflix" */;
			buildPhases = (
				E0A1C360F52863C3FA9B58E0 /* [CP] Check Pods Manifest.lock */,
				2FD283AA2537DC9E0032400F /* Sources */,
				2FD283AB2537DC9E0032400F /* Frameworks */,
				2FD283AC2537DC9E0032400F /* Resources */,
				51A8E1A368FD59147B5C3106 /* [CP] Embed Pods Frameworks */,
			);
			buildRules = (
			);
			dependencies = (
			);
			name = Swiflix;
			productName = Swiflix;
			productReference = 2FD283AE2537DC9E0032400F /* Swiflix.app */;
			productType = "com.apple.product-type.application";
		};
/* End PBXNativeTarget section */

/* Begin PBXProject section */
		2FD283A62537DC9E0032400F /* Project object */ = {
			isa = PBXProject;
			attributes = {
				LastSwiftUpdateCheck = 1170;
				LastUpgradeCheck = 1170;
				TargetAttributes = {
					2FD283AD2537DC9E0032400F = {
						CreatedOnToolsVersion = 11.7;
					};
				};
			};
			buildConfigurationList = 2FD283A92537DC9E0032400F /* Build configuration list for PBXProject "Swiflix" */;
			compatibilityVersion = "Xcode 9.3";
			developmentRegion = en;
			hasScannedForEncodings = 0;
			knownRegions = (
				en,
				Base,
			);
			mainGroup = 2FD283A52537DC9E0032400F;
			productRefGroup = 2FD283AF2537DC9E0032400F /* Products */;
			projectDirPath = "";
			projectRoot = "";
			targets = (
				2FD283AD2537DC9E0032400F /* Swiflix */,
			);
		};
/* End PBXProject section */

/* Begin PBXResourcesBuildPhase section */
		2FD283AC2537DC9E0032400F /* Resources */ = {
			isa = PBXResourcesBuildPhase;
			buildActionMask = 2147483647;
			files = (
				C364A1692560421400265DBB /* GalleryCollectionViewCell.xib in Resources */,
				AD64EA49254E2BC100F63F89 /* PeopleTableViewCell.xib in Resources */,
				2FD283BE2537DCA10032400F /* LaunchScreen.storyboard in Resources */,
				0FF75CFD25BFADC300A68766 /* ChangePassword.storyboard in Resources */,
				ADC19A9B255DF9B700F9BD55 /* SerieEpisodesTableViewCell.xib in Resources */,
				AD1EEC58255DEF6D001BE764 /* SerieGeralTableViewCell.xib in Resources */,
				C318AF4D25BD2ED200DBAF8E /* TraillerViewController.xib in Resources */,
				56DD8A85255B0A1C005B0E16 /* PersonBiographyTableViewCell.xib in Resources */,
				C3110BEF25536B8200A6BD86 /* PessoaTableViewCell.xib in Resources */,
				2FD283BB2537DCA10032400F /* Assets.xcassets in Resources */,
				AD3F4C37255DF7F30044F24B /* SerieCriticaTableViewCell.xib in Resources */,
				C353434D2562226E00239BE5 /* UserProfile.storyboard in Resources */,
				C3D8F6452558289B001FFCA1 /* MovieCriticaTableViewCell.xib in Resources */,
				C33E12E6254452D50011E5A9 /* BerkshireSwash-Regular.ttf in Resources */,
				0FBDE1AA2545D74B00655436 /* MovieSerieTableViewCell.xib in Resources */,
				56AA48EE255B105E00003A53 /* PersonGaleryTableViewCell.xib in Resources */,
				0FBDE1AA2545D74B00655436 /* MovieSerieTableViewCell.xib in Resources */,
				C36856B82556E8D90032D09A /* MovieGeralTableViewCell.xib in Resources */,
				0F73F5A625CE1B5A009C9258 /* GoogleService-Info.plist in Resources */,
				C3D8F64E25582FB7001FFCA1 /* MovieTraillerTableViewCell.xib in Resources */,
				5631F42925473B9E00FFCCBC /* Tabbar.storyboard in Resources */,
				2FD283B92537DC9E0032400F /* Main.storyboard in Resources */,
				C3110BE82553661600A6BD86 /* GenericMediaTableViewCell.xib in Resources */,
			);
			runOnlyForDeploymentPostprocessing = 0;
		};
/* End PBXResourcesBuildPhase section */

/* Begin PBXShellScriptBuildPhase section */
		51A8E1A368FD59147B5C3106 /* [CP] Embed Pods Frameworks */ = {
			isa = PBXShellScriptBuildPhase;
			buildActionMask = 2147483647;
			files = (
			);
			inputFileListPaths = (
				"${PODS_ROOT}/Target Support Files/Pods-Swiflix/Pods-Swiflix-frameworks-${CONFIGURATION}-input-files.xcfilelist",
			);
			name = "[CP] Embed Pods Frameworks";
			outputFileListPaths = (
				"${PODS_ROOT}/Target Support Files/Pods-Swiflix/Pods-Swiflix-frameworks-${CONFIGURATION}-output-files.xcfilelist",
			);
			runOnlyForDeploymentPostprocessing = 0;
			shellPath = /bin/sh;
			shellScript = "\"${PODS_ROOT}/Target Support Files/Pods-Swiflix/Pods-Swiflix-frameworks.sh\"\n";
			showEnvVarsInLog = 0;
		};
		E0A1C360F52863C3FA9B58E0 /* [CP] Check Pods Manifest.lock */ = {
			isa = PBXShellScriptBuildPhase;
			buildActionMask = 2147483647;
			files = (
			);
			inputFileListPaths = (
			);
			inputPaths = (
				"${PODS_PODFILE_DIR_PATH}/Podfile.lock",
				"${PODS_ROOT}/Manifest.lock",
			);
			name = "[CP] Check Pods Manifest.lock";
			outputFileListPaths = (
			);
			outputPaths = (
				"$(DERIVED_FILE_DIR)/Pods-Swiflix-checkManifestLockResult.txt",
			);
			runOnlyForDeploymentPostprocessing = 0;
			shellPath = /bin/sh;
			shellScript = "diff \"${PODS_PODFILE_DIR_PATH}/Podfile.lock\" \"${PODS_ROOT}/Manifest.lock\" > /dev/null\nif [ $? != 0 ] ; then\n    # print error to STDERR\n    echo \"error: The sandbox is not in sync with the Podfile.lock. Run 'pod install' or update your CocoaPods installation.\" >&2\n    exit 1\nfi\n# This output is used by Xcode 'outputs' to avoid re-running this script phase.\necho \"SUCCESS\" > \"${SCRIPT_OUTPUT_FILE_0}\"\n";
			showEnvVarsInLog = 0;
		};
/* End PBXShellScriptBuildPhase section */

/* Begin PBXSourcesBuildPhase section */
		2FD283AA2537DC9E0032400F /* Sources */ = {
			isa = PBXSourcesBuildPhase;
			buildActionMask = 2147483647;
			files = (
				5631F42F25473FAD00FFCCBC /* SerieViewController.swift in Sources */,
				C3D8F6442558289B001FFCA1 /* MovieCriticaTableViewCell.swift in Sources */,
				ADA878A525842CF400B7B722 /* Genre.swift in Sources */,
				ADA878A225842CB700B7B722 /* MovieTrailer.swift in Sources */,
				C3D8F63E255827BD001FFCA1 /* Reviews.swift in Sources */,
				C3C2E42E25C3773600CD206B /* Network.swift in Sources */,
				AD5A8667255D7BE300F187C8 /* Serie.swift in Sources */,
				AD4F3FC5258436DD00DAB15D /* Crew_TV.swift in Sources */,
				AD455A9B2584092300383835 /* MediaDetailResponse.swift in Sources */,
				ADA878BB25842FC500B7B722 /* KnownFor.swift in Sources */,
				AD3F4C36255DF7F30044F24B /* SerieCriticaTableViewCell.swift in Sources */,
				AD4F3F9D2584335800DAB15D /* TMDBPeople.swift in Sources */,
				5631F4312547403400FFCCBC /* PeopleViewController.swift in Sources */,
				AD455A872584092300383835 /* MovieUpcomingResponse.swift in Sources */,
				AD455A9F2584092300383835 /* TVSeasonResponse.swift in Sources */,
				AD4F3FAB258434A400DAB15D /* TMDBMoviesTest.swift in Sources */,
				ADA878B225842E5A00B7B722 /* Cast.swift in Sources */,
				ADA878B525842E8600B7B722 /* Crew.swift in Sources */,
				AD455A942584092300383835 /* Videos.swift in Sources */,
				AD455AA62584095000383835 /* TMDB.swift in Sources */,
				AD64EA4A254E2BC100F63F89 /* PeopleTableViewCell.swift in Sources */,
				AD455A8D2584092300383835 /* PersonPopularResponse.swift in Sources */,
				AD4F3FA72584346300DAB15D /* TMDBPeopleTest.swift in Sources */,
				C38A033F2553612000E6C010 /* PersonPhotoGallery.swift in Sources */,
				AD455A902584092300383835 /* PersonCreditsResponse.swift in Sources */,
				C33E12EA254457F40011E5A9 /* InitialViewController.swift in Sources */,
				C3110BEE25536B8200A6BD86 /* PessoaTableViewCell.swift in Sources */,
				AD4F3FB12584356200DAB15D /* Creator.swift in Sources */,
				AD5A866A255D7C0900F187C8 /* Genres.swift in Sources */,
				2FD283B22537DC9E0032400F /* AppDelegate.swift in Sources */,
				0FBDE1A92545D74B00655436 /* MovieSerieTableViewCell.swift in Sources */,
				AD455A982584092300383835 /* Review.swift in Sources */,
				2FD283B42537DC9E0032400F /* SceneDelegate.swift in Sources */,
				AD455A8E2584092300383835 /* Image.swift in Sources */,
				5600FC3D255DBB0900AD7617 /* NewMoviesDetailViewController.swift in Sources */,
				0FF75CFA25BFA27E00A68766 /* MudarSenhaVC.swift in Sources */,
				56AA48ED255B105E00003A53 /* PersonGaleryTableViewCell.swift in Sources */,
				C3D8F64825582E7D001FFCA1 /* MovieTrailler.swift in Sources */,
				ADB4238A255DC10A00B92915 /* MockupSerie.swift in Sources */,
				ADA8789B25842C0300B7B722 /* UpcomingDate.swift in Sources */,
				AD455A8F2584092300383835 /* PersonImagesResponse.swift in Sources */,
				AD455A9C2584092300383835 /* TVSimilarResponse.swift in Sources */,
				ADC19A9A255DF9B700F9BD55 /* SerieEpisodesTableViewCell.swift in Sources */,
				AD455A8B2584092300383835 /* DetailMovie.swift in Sources */,
				AD455A8A2584092300383835 /* MovieTrailerResponse.swift in Sources */,
				AD4F3FBD2584363400DAB15D /* Similar.swift in Sources */,
				ADA878A825842D4900B7B722 /* Company.swift in Sources */,
				C37A75642546523C00A597ED /* Utils.swift in Sources */,
				C37A75652546523C00A597ED /* Alert.swift in Sources */,
				C3D8F64D25582FB7001FFCA1 /* MovieTraillerTableViewCell.swift in Sources */,
				AD455A882584092300383835 /* MovieResults.swift in Sources */,
				ADA878AF25842D9300B7B722 /* SpokenLanguage.swift in Sources */,
				AD455A952584092300383835 /* Persons.swift in Sources */,
				AD6B1B36255D851C00659730 /* SerieEpisode.swift in Sources */,
				ADA878AC25842D6900B7B722 /* ProductionCountry.swift in Sources */,
				AD455A922584092300383835 /* Gender.swift in Sources */,
				AD455A962584092300383835 /* Response.swift in Sources */,
				AD455A9A2584092300383835 /* ReviewResults.swift in Sources */,
				C33E12F725449A690011E5A9 /* RegisterViewController.swift in Sources */,
				AD455A932584092300383835 /* VideoType.swift in Sources */,
				AD455A9E2584092300383835 /* TVPopularResponse.swift in Sources */,
				56DD8A78255AFEBF005B0E16 /* PeopleDetailViewController.swift in Sources */,
				C373B33C25BCE527007C394F /* Extensions.swift in Sources */,
				AD4F3FAE258434D400DAB15D /* TMDBTVTest.swift in Sources */,
				C364A1682560421400265DBB /* GalleryCollectionViewCell.swift in Sources */,
				AD5A8660255D774500F187C8 /* SerieDetailViewController.swift in Sources */,
				AD4F3FA3258433B500DAB15D /* TMDBTV.swift in Sources */,
				C3B0390A25617E4A00F63C70 /* PhotoDetailViewController.swift in Sources */,
				C36856B22556E45E0032D09A /* MovieDetailViewController.swift in Sources */,
				C337370325648A4000F90F36 /* PerfilViewController.swift in Sources */,
				568288D12559D9BF00309954 /* MovieHouseDetailViewController.swift in Sources */,
				C36856B72556E8D90032D09A /* MovieGeralTableViewCell.swift in Sources */,
				ADA878B825842F4800B7B722 /* Person.swift in Sources */,
				AD1EEC57255DEF6D001BE764 /* SerieGeralTableViewCell.swift in Sources */,
				AD64EA44254E2B9500F63F89 /* Movies.swift in Sources */,
				AD455A992584092300383835 /* AuthorDetails.swift in Sources */,
				5645121B25B1C2EF00762C5C /* GenericPopularMedia.swift in Sources */,
				56DD8A84255B0A1C005B0E16 /* PersonBiographyTableViewCell.swift in Sources */,
				AD455A912584092300383835 /* PersonDetailResponse.swift in Sources */,
				AD455AA72584095000383835 /* HttpMethod.swift in Sources */,
				C318AF4C25BD2ED200DBAF8E /* TraillerViewController.swift in Sources */,
				AD455AA82584095000383835 /* TMDBTest.swift in Sources */,
				AD455A892584092300383835 /* MovieSimilarResponse.swift in Sources */,
				AD4F3FB4258435AE00DAB15D /* Episode.swift in Sources */,
				AD4F3FC12584366A00DAB15D /* PopularMedia.swift in Sources */,
				5631F43B2547411B00FFCCBC /* MovieHouseViewController.swift in Sources */,
				AD64EA43254E2B9500F63F89 /* Person_old.swift in Sources */,
				0FBDE1A92545D74B00655436 /* MovieSerieTableViewCell.swift in Sources */,
				AD4F3FA02584339900DAB15D /* TMDBMovies.swift in Sources */,
				2FD283B42537DC9E0032400F /* SceneDelegate.swift in Sources */,
				AD4F3FC9258436F500DAB15D /* GuestStar.swift in Sources */,
				AD455A972584092300383835 /* MediaImages.swift in Sources */,
				ADA8789E25842C6900B7B722 /* SimilarMovie.swift in Sources */,
				5631F43D2547415B00FFCCBC /* NewMoviesViewController.swift in Sources */,
				C33E12F725449A690011E5A9 /* RegisterViewController.swift in Sources */,
				5631F4392547409D00FFCCBC /* Mockups.swift in Sources */,
				C3110BE92553661600A6BD86 /* GenericMediaTableViewCell.swift in Sources */,
				AD4F3FBA258435F900DAB15D /* Season.swift in Sources */,
				C33E12F425446C3B0011E5A9 /* LoginViewController.swift in Sources */,
				C33E12F1254469DE0011E5A9 /* Segues.swift in Sources */,
				C37A755F2546522E00A597ED /* MovieViewController.swift in Sources */,
				C309566025477CE500E5A75E /* SimpleMovieSerie.swift in Sources */,
				C36856AF2556E3940032D09A /* FullMovie.swift in Sources */,
				C38A033C2553610300E6C010 /* FullPerson.swift in Sources */,
				C38A0339255360A300E6C010 /* GenericMedia.swift in Sources */,
			);
			runOnlyForDeploymentPostprocessing = 0;
		};
/* End PBXSourcesBuildPhase section */

/* Begin PBXVariantGroup section */
		2FD283B72537DC9E0032400F /* Main.storyboard */ = {
			isa = PBXVariantGroup;
			children = (
				2FD283B82537DC9E0032400F /* Base */,
			);
			name = Main.storyboard;
			sourceTree = "<group>";
		};
		2FD283BC2537DCA10032400F /* LaunchScreen.storyboard */ = {
			isa = PBXVariantGroup;
			children = (
				2FD283BD2537DCA10032400F /* Base */,
			);
			name = LaunchScreen.storyboard;
			sourceTree = "<group>";
		};
/* End PBXVariantGroup section */

/* Begin XCBuildConfiguration section */
		2FD283C02537DCA10032400F /* Debug */ = {
			isa = XCBuildConfiguration;
			buildSettings = {
				ALWAYS_SEARCH_USER_PATHS = NO;
				CLANG_ANALYZER_NONNULL = YES;
				CLANG_ANALYZER_NUMBER_OBJECT_CONVERSION = YES_AGGRESSIVE;
				CLANG_CXX_LANGUAGE_STANDARD = "gnu++14";
				CLANG_CXX_LIBRARY = "libc++";
				CLANG_ENABLE_MODULES = YES;
				CLANG_ENABLE_OBJC_ARC = YES;
				CLANG_ENABLE_OBJC_WEAK = YES;
				CLANG_WARN_BLOCK_CAPTURE_AUTORELEASING = YES;
				CLANG_WARN_BOOL_CONVERSION = YES;
				CLANG_WARN_COMMA = YES;
				CLANG_WARN_CONSTANT_CONVERSION = YES;
				CLANG_WARN_DEPRECATED_OBJC_IMPLEMENTATIONS = YES;
				CLANG_WARN_DIRECT_OBJC_ISA_USAGE = YES_ERROR;
				CLANG_WARN_DOCUMENTATION_COMMENTS = YES;
				CLANG_WARN_EMPTY_BODY = YES;
				CLANG_WARN_ENUM_CONVERSION = YES;
				CLANG_WARN_INFINITE_RECURSION = YES;
				CLANG_WARN_INT_CONVERSION = YES;
				CLANG_WARN_NON_LITERAL_NULL_CONVERSION = YES;
				CLANG_WARN_OBJC_IMPLICIT_RETAIN_SELF = YES;
				CLANG_WARN_OBJC_LITERAL_CONVERSION = YES;
				CLANG_WARN_OBJC_ROOT_CLASS = YES_ERROR;
				CLANG_WARN_RANGE_LOOP_ANALYSIS = YES;
				CLANG_WARN_STRICT_PROTOTYPES = YES;
				CLANG_WARN_SUSPICIOUS_MOVE = YES;
				CLANG_WARN_UNGUARDED_AVAILABILITY = YES_AGGRESSIVE;
				CLANG_WARN_UNREACHABLE_CODE = YES;
				CLANG_WARN__DUPLICATE_METHOD_MATCH = YES;
				COPY_PHASE_STRIP = NO;
				DEBUG_INFORMATION_FORMAT = dwarf;
				ENABLE_STRICT_OBJC_MSGSEND = YES;
				ENABLE_TESTABILITY = YES;
				GCC_C_LANGUAGE_STANDARD = gnu11;
				GCC_DYNAMIC_NO_PIC = NO;
				GCC_NO_COMMON_BLOCKS = YES;
				GCC_OPTIMIZATION_LEVEL = 0;
				GCC_PREPROCESSOR_DEFINITIONS = (
					"DEBUG=1",
					"$(inherited)",
				);
				GCC_WARN_64_TO_32_BIT_CONVERSION = YES;
				GCC_WARN_ABOUT_RETURN_TYPE = YES_ERROR;
				GCC_WARN_UNDECLARED_SELECTOR = YES;
				GCC_WARN_UNINITIALIZED_AUTOS = YES_AGGRESSIVE;
				GCC_WARN_UNUSED_FUNCTION = YES;
				GCC_WARN_UNUSED_VARIABLE = YES;
				IPHONEOS_DEPLOYMENT_TARGET = 13.7;
				MTL_ENABLE_DEBUG_INFO = INCLUDE_SOURCE;
				MTL_FAST_MATH = YES;
				ONLY_ACTIVE_ARCH = YES;
				SDKROOT = iphoneos;
				SWIFT_ACTIVE_COMPILATION_CONDITIONS = DEBUG;
				SWIFT_OPTIMIZATION_LEVEL = "-Onone";
			};
			name = Debug;
		};
		2FD283C12537DCA10032400F /* Release */ = {
			isa = XCBuildConfiguration;
			buildSettings = {
				ALWAYS_SEARCH_USER_PATHS = NO;
				CLANG_ANALYZER_NONNULL = YES;
				CLANG_ANALYZER_NUMBER_OBJECT_CONVERSION = YES_AGGRESSIVE;
				CLANG_CXX_LANGUAGE_STANDARD = "gnu++14";
				CLANG_CXX_LIBRARY = "libc++";
				CLANG_ENABLE_MODULES = YES;
				CLANG_ENABLE_OBJC_ARC = YES;
				CLANG_ENABLE_OBJC_WEAK = YES;
				CLANG_WARN_BLOCK_CAPTURE_AUTORELEASING = YES;
				CLANG_WARN_BOOL_CONVERSION = YES;
				CLANG_WARN_COMMA = YES;
				CLANG_WARN_CONSTANT_CONVERSION = YES;
				CLANG_WARN_DEPRECATED_OBJC_IMPLEMENTATIONS = YES;
				CLANG_WARN_DIRECT_OBJC_ISA_USAGE = YES_ERROR;
				CLANG_WARN_DOCUMENTATION_COMMENTS = YES;
				CLANG_WARN_EMPTY_BODY = YES;
				CLANG_WARN_ENUM_CONVERSION = YES;
				CLANG_WARN_INFINITE_RECURSION = YES;
				CLANG_WARN_INT_CONVERSION = YES;
				CLANG_WARN_NON_LITERAL_NULL_CONVERSION = YES;
				CLANG_WARN_OBJC_IMPLICIT_RETAIN_SELF = YES;
				CLANG_WARN_OBJC_LITERAL_CONVERSION = YES;
				CLANG_WARN_OBJC_ROOT_CLASS = YES_ERROR;
				CLANG_WARN_RANGE_LOOP_ANALYSIS = YES;
				CLANG_WARN_STRICT_PROTOTYPES = YES;
				CLANG_WARN_SUSPICIOUS_MOVE = YES;
				CLANG_WARN_UNGUARDED_AVAILABILITY = YES_AGGRESSIVE;
				CLANG_WARN_UNREACHABLE_CODE = YES;
				CLANG_WARN__DUPLICATE_METHOD_MATCH = YES;
				COPY_PHASE_STRIP = NO;
				DEBUG_INFORMATION_FORMAT = "dwarf-with-dsym";
				ENABLE_NS_ASSERTIONS = NO;
				ENABLE_STRICT_OBJC_MSGSEND = YES;
				GCC_C_LANGUAGE_STANDARD = gnu11;
				GCC_NO_COMMON_BLOCKS = YES;
				GCC_WARN_64_TO_32_BIT_CONVERSION = YES;
				GCC_WARN_ABOUT_RETURN_TYPE = YES_ERROR;
				GCC_WARN_UNDECLARED_SELECTOR = YES;
				GCC_WARN_UNINITIALIZED_AUTOS = YES_AGGRESSIVE;
				GCC_WARN_UNUSED_FUNCTION = YES;
				GCC_WARN_UNUSED_VARIABLE = YES;
				IPHONEOS_DEPLOYMENT_TARGET = 13.7;
				MTL_ENABLE_DEBUG_INFO = NO;
				MTL_FAST_MATH = YES;
				SDKROOT = iphoneos;
				SWIFT_COMPILATION_MODE = wholemodule;
				SWIFT_OPTIMIZATION_LEVEL = "-O";
				VALIDATE_PRODUCT = YES;
			};
			name = Release;
		};
		2FD283C32537DCA10032400F /* Debug */ = {
			isa = XCBuildConfiguration;
			baseConfigurationReference = 9C07E6B7F39DBC66E22F972F /* Pods-Swiflix.debug.xcconfig */;
			buildSettings = {
				ASSETCATALOG_COMPILER_APPICON_NAME = AppIcon;
				CODE_SIGN_IDENTITY = "Apple Development";
				CODE_SIGN_STYLE = Manual;
				DEVELOPMENT_TEAM = "";
				INFOPLIST_FILE = "$(SRCROOT)/Info.plist";
				LD_RUNPATH_SEARCH_PATHS = (
					"$(inherited)",
					"@executable_path/Frameworks",
				);
				MARKETING_VERSION = 1.0.0;
				PRODUCT_BUNDLE_IDENTIFIER = br.com.codinghouse.Swiflix;
				PRODUCT_NAME = "$(TARGET_NAME)";
				PROVISIONING_PROFILE_SPECIFIER = "";
				SWIFT_VERSION = 5.0;
				TARGETED_DEVICE_FAMILY = 1;
			};
			name = Debug;
		};
		2FD283C42537DCA10032400F /* Release */ = {
			isa = XCBuildConfiguration;
			baseConfigurationReference = 7FE01D9830F17091FCA73A30 /* Pods-Swiflix.release.xcconfig */;
			buildSettings = {
				ASSETCATALOG_COMPILER_APPICON_NAME = AppIcon;
				CODE_SIGN_IDENTITY = "Apple Development";
				CODE_SIGN_STYLE = Manual;
				DEVELOPMENT_TEAM = "";
				INFOPLIST_FILE = "$(SRCROOT)/Info.plist";
				LD_RUNPATH_SEARCH_PATHS = (
					"$(inherited)",
					"@executable_path/Frameworks",
				);
				MARKETING_VERSION = 1.0.0;
				PRODUCT_BUNDLE_IDENTIFIER = br.com.codinghouse.Swiflix;
				PRODUCT_NAME = "$(TARGET_NAME)";
				PROVISIONING_PROFILE_SPECIFIER = "";
				SWIFT_VERSION = 5.0;
				TARGETED_DEVICE_FAMILY = 1;
			};
			name = Release;
		};
/* End XCBuildConfiguration section */

/* Begin XCConfigurationList section */
		2FD283A92537DC9E0032400F /* Build configuration list for PBXProject "Swiflix" */ = {
			isa = XCConfigurationList;
			buildConfigurations = (
				2FD283C02537DCA10032400F /* Debug */,
				2FD283C12537DCA10032400F /* Release */,
			);
			defaultConfigurationIsVisible = 0;
			defaultConfigurationName = Release;
		};
		2FD283C22537DCA10032400F /* Build configuration list for PBXNativeTarget "Swiflix" */ = {
			isa = XCConfigurationList;
			buildConfigurations = (
				2FD283C32537DCA10032400F /* Debug */,
				2FD283C42537DCA10032400F /* Release */,
			);
			defaultConfigurationIsVisible = 0;
			defaultConfigurationName = Release;
		};
/* End XCConfigurationList section */
	};
	rootObject = 2FD283A62537DC9E0032400F /* Project object */;
}
