// !$*UTF8*$!
{
	archiveVersion = 1;
	classes = {
	};
	objectVersion = 50;
	objects = {

/* Begin PBXBuildFile section */
		0FBDE1922545D4EC00655436 /* SimpleSerie.swift in Sources */ = {isa = PBXBuildFile; fileRef = 0FBDE1902545D4EC00655436 /* SimpleSerie.swift */; };
		0FBDE1932545D4EC00655436 /* SimpleMovie.swift in Sources */ = {isa = PBXBuildFile; fileRef = 0FBDE1912545D4EC00655436 /* SimpleMovie.swift */; };
		2FD283B22537DC9E0032400F /* AppDelegate.swift in Sources */ = {isa = PBXBuildFile; fileRef = 2FD283B12537DC9E0032400F /* AppDelegate.swift */; };
		2FD283B42537DC9E0032400F /* SceneDelegate.swift in Sources */ = {isa = PBXBuildFile; fileRef = 2FD283B32537DC9E0032400F /* SceneDelegate.swift */; };
		2FD283B92537DC9E0032400F /* Main.storyboard in Resources */ = {isa = PBXBuildFile; fileRef = 2FD283B72537DC9E0032400F /* Main.storyboard */; };
		2FD283BB2537DCA10032400F /* Assets.xcassets in Resources */ = {isa = PBXBuildFile; fileRef = 2FD283BA2537DCA10032400F /* Assets.xcassets */; };
		2FD283BE2537DCA10032400F /* LaunchScreen.storyboard in Resources */ = {isa = PBXBuildFile; fileRef = 2FD283BC2537DCA10032400F /* LaunchScreen.storyboard */; };
		C33E12E6254452D50011E5A9 /* BerkshireSwash-Regular.ttf in Resources */ = {isa = PBXBuildFile; fileRef = C33E12E5254452D50011E5A9 /* BerkshireSwash-Regular.ttf */; };
		C33E12EA254457F40011E5A9 /* InitialViewController.swift in Sources */ = {isa = PBXBuildFile; fileRef = C33E12E9254457F40011E5A9 /* InitialViewController.swift */; };
		C33E12F1254469DE0011E5A9 /* Segues.swift in Sources */ = {isa = PBXBuildFile; fileRef = C33E12F0254469DE0011E5A9 /* Segues.swift */; };
		C33E12F425446C3B0011E5A9 /* LoginViewController.swift in Sources */ = {isa = PBXBuildFile; fileRef = C33E12F325446C3B0011E5A9 /* LoginViewController.swift */; };
		C33E12F725449A690011E5A9 /* RegisterViewController.swift in Sources */ = {isa = PBXBuildFile; fileRef = C33E12F625449A690011E5A9 /* RegisterViewController.swift */; };
/* End PBXBuildFile section */

/* Begin PBXFileReference section */
		0FBDE1902545D4EC00655436 /* SimpleSerie.swift */ = {isa = PBXFileReference; fileEncoding = 4; lastKnownFileType = sourcecode.swift; path = SimpleSerie.swift; sourceTree = "<group>"; };
		0FBDE1912545D4EC00655436 /* SimpleMovie.swift */ = {isa = PBXFileReference; fileEncoding = 4; lastKnownFileType = sourcecode.swift; path = SimpleMovie.swift; sourceTree = "<group>"; };
		2FD283AE2537DC9E0032400F /* Swiflix.app */ = {isa = PBXFileReference; explicitFileType = wrapper.application; includeInIndex = 0; path = Swiflix.app; sourceTree = BUILT_PRODUCTS_DIR; };
		2FD283B12537DC9E0032400F /* AppDelegate.swift */ = {isa = PBXFileReference; lastKnownFileType = sourcecode.swift; path = AppDelegate.swift; sourceTree = "<group>"; };
		2FD283B32537DC9E0032400F /* SceneDelegate.swift */ = {isa = PBXFileReference; lastKnownFileType = sourcecode.swift; path = SceneDelegate.swift; sourceTree = "<group>"; };
		2FD283B82537DC9E0032400F /* Base */ = {isa = PBXFileReference; lastKnownFileType = file.storyboard; name = Base; path = Base.lproj/Main.storyboard; sourceTree = "<group>"; };
		2FD283BA2537DCA10032400F /* Assets.xcassets */ = {isa = PBXFileReference; lastKnownFileType = folder.assetcatalog; path = Assets.xcassets; sourceTree = "<group>"; };
		2FD283BD2537DCA10032400F /* Base */ = {isa = PBXFileReference; lastKnownFileType = file.storyboard; name = Base; path = Base.lproj/LaunchScreen.storyboard; sourceTree = "<group>"; };
		2FD283BF2537DCA10032400F /* Info.plist */ = {isa = PBXFileReference; lastKnownFileType = text.plist.xml; path = Info.plist; sourceTree = "<group>"; };
		C33E12E5254452D50011E5A9 /* BerkshireSwash-Regular.ttf */ = {isa = PBXFileReference; lastKnownFileType = file; path = "BerkshireSwash-Regular.ttf"; sourceTree = "<group>"; };
		C33E12E9254457F40011E5A9 /* InitialViewController.swift */ = {isa = PBXFileReference; lastKnownFileType = sourcecode.swift; path = InitialViewController.swift; sourceTree = "<group>"; };
		C33E12F0254469DE0011E5A9 /* Segues.swift */ = {isa = PBXFileReference; lastKnownFileType = sourcecode.swift; path = Segues.swift; sourceTree = "<group>"; };
		C33E12F325446C3B0011E5A9 /* LoginViewController.swift */ = {isa = PBXFileReference; lastKnownFileType = sourcecode.swift; path = LoginViewController.swift; sourceTree = "<group>"; };
		C33E12F625449A690011E5A9 /* RegisterViewController.swift */ = {isa = PBXFileReference; lastKnownFileType = sourcecode.swift; path = RegisterViewController.swift; sourceTree = "<group>"; };
/* End PBXFileReference section */

/* Begin PBXFrameworksBuildPhase section */
		2FD283AB2537DC9E0032400F /* Frameworks */ = {
			isa = PBXFrameworksBuildPhase;
			buildActionMask = 2147483647;
			files = (
			);
			runOnlyForDeploymentPostprocessing = 0;
		};
/* End PBXFrameworksBuildPhase section */

/* Begin PBXGroup section */
		2FD283A52537DC9E0032400F = {
			isa = PBXGroup;
			children = (
				2FD283B02537DC9E0032400F /* Swiflix */,
				2FD283AF2537DC9E0032400F /* Products */,
			);
			sourceTree = "<group>";
		};
		2FD283AF2537DC9E0032400F /* Products */ = {
			isa = PBXGroup;
			children = (
				2FD283AE2537DC9E0032400F /* Swiflix.app */,
			);
			name = Products;
			sourceTree = "<group>";
		};
		2FD283B02537DC9E0032400F /* Swiflix */ = {
			isa = PBXGroup;
			children = (
				C33E12E4254452B70011E5A9 /* Fonts */,
				C3B54E0C253C6C990067E6F5 /* Utils */,
				C3B54E0B253C6C910067E6F5 /* Network */,
				C3B54E0A253C6C8B0067E6F5 /* Resources */,
				C3B54E09253C6C830067E6F5 /* Controller */,
				C3B54E08253C6C7F0067E6F5 /* View */,
				C3B54E07253C6C770067E6F5 /* Model */,
				2FD283BF2537DCA10032400F /* Info.plist */,
			);
			path = Swiflix;
			sourceTree = "<group>";
		};
		C33E12E4254452B70011E5A9 /* Fonts */ = {
			isa = PBXGroup;
			children = (
				C33E12E5254452D50011E5A9 /* BerkshireSwash-Regular.ttf */,
			);
			path = Fonts;
			sourceTree = "<group>";
		};
		C3B54E07253C6C770067E6F5 /* Model */ = {
			isa = PBXGroup;
			children = (
				0FBDE1912545D4EC00655436 /* SimpleMovie.swift */,
				0FBDE1902545D4EC00655436 /* SimpleSerie.swift */,
			);
			name = Model;
			path = "/Users/brhorta/Documents/IOS DIGITAL HOUSE/Swiflix/codinghouse-swiflix/Swiflix/Model";
			sourceTree = "<absolute>";
		};
		C3B54E08253C6C7F0067E6F5 /* View */ = {
			isa = PBXGroup;
			children = (
				2FD283B72537DC9E0032400F /* Main.storyboard */,
				2FD283BC2537DCA10032400F /* LaunchScreen.storyboard */,
			);
			path = View;
			sourceTree = "<group>";
		};
		C3B54E09253C6C830067E6F5 /* Controller */ = {
			isa = PBXGroup;
			children = (
				C33E12E9254457F40011E5A9 /* InitialViewController.swift */,
				C33E12F325446C3B0011E5A9 /* LoginViewController.swift */,
				C33E12F625449A690011E5A9 /* RegisterViewController.swift */,
			);
			path = Controller;
			sourceTree = "<group>";
		};
		C3B54E0A253C6C8B0067E6F5 /* Resources */ = {
			isa = PBXGroup;
			children = (
				2FD283B12537DC9E0032400F /* AppDelegate.swift */,
				2FD283BA2537DCA10032400F /* Assets.xcassets */,
				2FD283B32537DC9E0032400F /* SceneDelegate.swift */,
			);
			path = Resources;
			sourceTree = "<group>";
		};
		C3B54E0B253C6C910067E6F5 /* Network */ = {
			isa = PBXGroup;
			children = (
			);
			path = Network;
			sourceTree = "<group>";
		};
		C3B54E0C253C6C990067E6F5 /* Utils */ = {
			isa = PBXGroup;
			children = (
				C33E12F0254469DE0011E5A9 /* Segues.swift */,
			);
			path = Utils;
			sourceTree = "<group>";
		};
/* End PBXGroup section */

/* Begin PBXNativeTarget section */
		2FD283AD2537DC9E0032400F /* Swiflix */ = {
			isa = PBXNativeTarget;
			buildConfigurationList = 2FD283C22537DCA10032400F /* Build configuration list for PBXNativeTarget "Swiflix" */;
			buildPhases = (
				2FD283AA2537DC9E0032400F /* Sources */,
				2FD283AB2537DC9E0032400F /* Frameworks */,
				2FD283AC2537DC9E0032400F /* Resources */,
			);
			buildRules = (
			);
			dependencies = (
			);
			name = Swiflix;
			productName = Swiflix;
			productReference = 2FD283AE2537DC9E0032400F /* Swiflix.app */;
			productType = "com.apple.product-type.application";
		};
/* End PBXNativeTarget section */

/* Begin PBXProject section */
		2FD283A62537DC9E0032400F /* Project object */ = {
			isa = PBXProject;
			attributes = {
				LastSwiftUpdateCheck = 1170;
				LastUpgradeCheck = 1170;
				TargetAttributes = {
					2FD283AD2537DC9E0032400F = {
						CreatedOnToolsVersion = 11.7;
					};
				};
			};
			buildConfigurationList = 2FD283A92537DC9E0032400F /* Build configuration list for PBXProject "Swiflix" */;
			compatibilityVersion = "Xcode 9.3";
			developmentRegion = en;
			hasScannedForEncodings = 0;
			knownRegions = (
				en,
				Base,
			);
			mainGroup = 2FD283A52537DC9E0032400F;
			productRefGroup = 2FD283AF2537DC9E0032400F /* Products */;
			projectDirPath = "";
			projectRoot = "";
			targets = (
				2FD283AD2537DC9E0032400F /* Swiflix */,
			);
		};
/* End PBXProject section */

/* Begin PBXResourcesBuildPhase section */
		2FD283AC2537DC9E0032400F /* Resources */ = {
			isa = PBXResourcesBuildPhase;
			buildActionMask = 2147483647;
			files = (
				2FD283BE2537DCA10032400F /* LaunchScreen.storyboard in Resources */,
				2FD283BB2537DCA10032400F /* Assets.xcassets in Resources */,
				C33E12E6254452D50011E5A9 /* BerkshireSwash-Regular.ttf in Resources */,
				2FD283B92537DC9E0032400F /* Main.storyboard in Resources */,
			);
			runOnlyForDeploymentPostprocessing = 0;
		};
/* End PBXResourcesBuildPhase section */

/* Begin PBXSourcesBuildPhase section */
		2FD283AA2537DC9E0032400F /* Sources */ = {
			isa = PBXSourcesBuildPhase;
			buildActionMask = 2147483647;
			files = (
				C33E12EA254457F40011E5A9 /* InitialViewController.swift in Sources */,
				2FD283B22537DC9E0032400F /* AppDelegate.swift in Sources */,
				2FD283B42537DC9E0032400F /* SceneDelegate.swift in Sources */,
				0FBDE1922545D4EC00655436 /* SimpleSerie.swift in Sources */,
				C33E12F725449A690011E5A9 /* RegisterViewController.swift in Sources */,
				C33E12F425446C3B0011E5A9 /* LoginViewController.swift in Sources */,
				0FBDE1932545D4EC00655436 /* SimpleMovie.swift in Sources */,
				C33E12F1254469DE0011E5A9 /* Segues.swift in Sources */,
			);
			runOnlyForDeploymentPostprocessing = 0;
		};
/* End PBXSourcesBuildPhase section */

/* Begin PBXVariantGroup section */
		2FD283B72537DC9E0032400F /* Main.storyboard */ = {
			isa = PBXVariantGroup;
			children = (
				2FD283B82537DC9E0032400F /* Base */,
			);
			name = Main.storyboard;
			sourceTree = "<group>";
		};
		2FD283BC2537DCA10032400F /* LaunchScreen.storyboard */ = {
			isa = PBXVariantGroup;
			children = (
				2FD283BD2537DCA10032400F /* Base */,
			);
			name = LaunchScreen.storyboard;
			sourceTree = "<group>";
		};
/* End PBXVariantGroup section */

/* Begin XCBuildConfiguration section */
		2FD283C02537DCA10032400F /* Debug */ = {
			isa = XCBuildConfiguration;
			buildSettings = {
				ALWAYS_SEARCH_USER_PATHS = NO;
				CLANG_ANALYZER_NONNULL = YES;
				CLANG_ANALYZER_NUMBER_OBJECT_CONVERSION = YES_AGGRESSIVE;
				CLANG_CXX_LANGUAGE_STANDARD = "gnu++14";
				CLANG_CXX_LIBRARY = "libc++";
				CLANG_ENABLE_MODULES = YES;
				CLANG_ENABLE_OBJC_ARC = YES;
				CLANG_ENABLE_OBJC_WEAK = YES;
				CLANG_WARN_BLOCK_CAPTURE_AUTORELEASING = YES;
				CLANG_WARN_BOOL_CONVERSION = YES;
				CLANG_WARN_COMMA = YES;
				CLANG_WARN_CONSTANT_CONVERSION = YES;
				CLANG_WARN_DEPRECATED_OBJC_IMPLEMENTATIONS = YES;
				CLANG_WARN_DIRECT_OBJC_ISA_USAGE = YES_ERROR;
				CLANG_WARN_DOCUMENTATION_COMMENTS = YES;
				CLANG_WARN_EMPTY_BODY = YES;
				CLANG_WARN_ENUM_CONVERSION = YES;
				CLANG_WARN_INFINITE_RECURSION = YES;
				CLANG_WARN_INT_CONVERSION = YES;
				CLANG_WARN_NON_LITERAL_NULL_CONVERSION = YES;
				CLANG_WARN_OBJC_IMPLICIT_RETAIN_SELF = YES;
				CLANG_WARN_OBJC_LITERAL_CONVERSION = YES;
				CLANG_WARN_OBJC_ROOT_CLASS = YES_ERROR;
				CLANG_WARN_RANGE_LOOP_ANALYSIS = YES;
				CLANG_WARN_STRICT_PROTOTYPES = YES;
				CLANG_WARN_SUSPICIOUS_MOVE = YES;
				CLANG_WARN_UNGUARDED_AVAILABILITY = YES_AGGRESSIVE;
				CLANG_WARN_UNREACHABLE_CODE = YES;
				CLANG_WARN__DUPLICATE_METHOD_MATCH = YES;
				COPY_PHASE_STRIP = NO;
				DEBUG_INFORMATION_FORMAT = dwarf;
				ENABLE_STRICT_OBJC_MSGSEND = YES;
				ENABLE_TESTABILITY = YES;
				GCC_C_LANGUAGE_STANDARD = gnu11;
				GCC_DYNAMIC_NO_PIC = NO;
				GCC_NO_COMMON_BLOCKS = YES;
				GCC_OPTIMIZATION_LEVEL = 0;
				GCC_PREPROCESSOR_DEFINITIONS = (
					"DEBUG=1",
					"$(inherited)",
				);
				GCC_WARN_64_TO_32_BIT_CONVERSION = YES;
				GCC_WARN_ABOUT_RETURN_TYPE = YES_ERROR;
				GCC_WARN_UNDECLARED_SELECTOR = YES;
				GCC_WARN_UNINITIALIZED_AUTOS = YES_AGGRESSIVE;
				GCC_WARN_UNUSED_FUNCTION = YES;
				GCC_WARN_UNUSED_VARIABLE = YES;
				IPHONEOS_DEPLOYMENT_TARGET = 13.7;
				MTL_ENABLE_DEBUG_INFO = INCLUDE_SOURCE;
				MTL_FAST_MATH = YES;
				ONLY_ACTIVE_ARCH = YES;
				SDKROOT = iphoneos;
				SWIFT_ACTIVE_COMPILATION_CONDITIONS = DEBUG;
				SWIFT_OPTIMIZATION_LEVEL = "-Onone";
			};
			name = Debug;
		};
		2FD283C12537DCA10032400F /* Release */ = {
			isa = XCBuildConfiguration;
			buildSettings = {
				ALWAYS_SEARCH_USER_PATHS = NO;
				CLANG_ANALYZER_NONNULL = YES;
				CLANG_ANALYZER_NUMBER_OBJECT_CONVERSION = YES_AGGRESSIVE;
				CLANG_CXX_LANGUAGE_STANDARD = "gnu++14";
				CLANG_CXX_LIBRARY = "libc++";
				CLANG_ENABLE_MODULES = YES;
				CLANG_ENABLE_OBJC_ARC = YES;
				CLANG_ENABLE_OBJC_WEAK = YES;
				CLANG_WARN_BLOCK_CAPTURE_AUTORELEASING = YES;
				CLANG_WARN_BOOL_CONVERSION = YES;
				CLANG_WARN_COMMA = YES;
				CLANG_WARN_CONSTANT_CONVERSION = YES;
				CLANG_WARN_DEPRECATED_OBJC_IMPLEMENTATIONS = YES;
				CLANG_WARN_DIRECT_OBJC_ISA_USAGE = YES_ERROR;
				CLANG_WARN_DOCUMENTATION_COMMENTS = YES;
				CLANG_WARN_EMPTY_BODY = YES;
				CLANG_WARN_ENUM_CONVERSION = YES;
				CLANG_WARN_INFINITE_RECURSION = YES;
				CLANG_WARN_INT_CONVERSION = YES;
				CLANG_WARN_NON_LITERAL_NULL_CONVERSION = YES;
				CLANG_WARN_OBJC_IMPLICIT_RETAIN_SELF = YES;
				CLANG_WARN_OBJC_LITERAL_CONVERSION = YES;
				CLANG_WARN_OBJC_ROOT_CLASS = YES_ERROR;
				CLANG_WARN_RANGE_LOOP_ANALYSIS = YES;
				CLANG_WARN_STRICT_PROTOTYPES = YES;
				CLANG_WARN_SUSPICIOUS_MOVE = YES;
				CLANG_WARN_UNGUARDED_AVAILABILITY = YES_AGGRESSIVE;
				CLANG_WARN_UNREACHABLE_CODE = YES;
				CLANG_WARN__DUPLICATE_METHOD_MATCH = YES;
				COPY_PHASE_STRIP = NO;
				DEBUG_INFORMATION_FORMAT = "dwarf-with-dsym";
				ENABLE_NS_ASSERTIONS = NO;
				ENABLE_STRICT_OBJC_MSGSEND = YES;
				GCC_C_LANGUAGE_STANDARD = gnu11;
				GCC_NO_COMMON_BLOCKS = YES;
				GCC_WARN_64_TO_32_BIT_CONVERSION = YES;
				GCC_WARN_ABOUT_RETURN_TYPE = YES_ERROR;
				GCC_WARN_UNDECLARED_SELECTOR = YES;
				GCC_WARN_UNINITIALIZED_AUTOS = YES_AGGRESSIVE;
				GCC_WARN_UNUSED_FUNCTION = YES;
				GCC_WARN_UNUSED_VARIABLE = YES;
				IPHONEOS_DEPLOYMENT_TARGET = 13.7;
				MTL_ENABLE_DEBUG_INFO = NO;
				MTL_FAST_MATH = YES;
				SDKROOT = iphoneos;
				SWIFT_COMPILATION_MODE = wholemodule;
				SWIFT_OPTIMIZATION_LEVEL = "-O";
				VALIDATE_PRODUCT = YES;
			};
			name = Release;
		};
		2FD283C32537DCA10032400F /* Debug */ = {
			isa = XCBuildConfiguration;
			buildSettings = {
				ASSETCATALOG_COMPILER_APPICON_NAME = AppIcon;
				CODE_SIGN_IDENTITY = "Apple Development";
				CODE_SIGN_STYLE = Automatic;
				DEVELOPMENT_TEAM = "";
				INFOPLIST_FILE = Swiflix/Info.plist;
				LD_RUNPATH_SEARCH_PATHS = (
					"$(inherited)",
					"@executable_path/Frameworks",
				);
				MARKETING_VERSION = 1.0.0;
				PRODUCT_BUNDLE_IDENTIFIER = br.com.codinghouse.Swiflix;
				PRODUCT_NAME = "$(TARGET_NAME)";
				PROVISIONING_PROFILE_SPECIFIER = "";
				SWIFT_VERSION = 5.0;
				TARGETED_DEVICE_FAMILY = 1;
			};
			name = Debug;
		};
		2FD283C42537DCA10032400F /* Release */ = {
			isa = XCBuildConfiguration;
			buildSettings = {
				ASSETCATALOG_COMPILER_APPICON_NAME = AppIcon;
				CODE_SIGN_STYLE = Automatic;
				DEVELOPMENT_TEAM = "";
				INFOPLIST_FILE = Swiflix/Info.plist;
				LD_RUNPATH_SEARCH_PATHS = (
					"$(inherited)",
					"@executable_path/Frameworks",
				);
				MARKETING_VERSION = 1.0.0;
				PRODUCT_BUNDLE_IDENTIFIER = br.com.codinghouse.Swiflix;
				PRODUCT_NAME = "$(TARGET_NAME)";
				SWIFT_VERSION = 5.0;
				TARGETED_DEVICE_FAMILY = 1;
			};
			name = Release;
		};
/* End XCBuildConfiguration section */

/* Begin XCConfigurationList section */
		2FD283A92537DC9E0032400F /* Build configuration list for PBXProject "Swiflix" */ = {
			isa = XCConfigurationList;
			buildConfigurations = (
				2FD283C02537DCA10032400F /* Debug */,
				2FD283C12537DCA10032400F /* Release */,
			);
			defaultConfigurationIsVisible = 0;
			defaultConfigurationName = Release;
		};
		2FD283C22537DCA10032400F /* Build configuration list for PBXNativeTarget "Swiflix" */ = {
			isa = XCConfigurationList;
			buildConfigurations = (
				2FD283C32537DCA10032400F /* Debug */,
				2FD283C42537DCA10032400F /* Release */,
			);
			defaultConfigurationIsVisible = 0;
			defaultConfigurationName = Release;
		};
/* End XCConfigurationList section */
	};
	rootObject = 2FD283A62537DC9E0032400F /* Project object */;
}
